<?xml version="1.0" encoding="utf-8"?>
<Project ToolsVersion="4.0" xmlns="http://schemas.microsoft.com/developer/msbuild/2003">
  <ItemGroup>
    <Filter Include="Source Files">
      <UniqueIdentifier>{8a1cc04c-e660-4e74-8cb0-8194b0237bee}</UniqueIdentifier>
      <Extensions>c;cpp;cxx;tli</Extensions>
    </Filter>
    <Filter Include="Source Files\Hardware Source Files">
      <UniqueIdentifier>{579f944a-7214-46cd-98f8-9761065206ba}</UniqueIdentifier>
      <Extensions>c;cpp;cxx;tli</Extensions>
    </Filter>
    <Filter Include="Source Files\Sound Source Files">
      <UniqueIdentifier>{6d720984-0120-4398-8465-bf7e704ae109}</UniqueIdentifier>
      <Extensions>c;cpp;cxx;tli</Extensions>
    </Filter>
    <Filter Include="Source Files\Mapper Source Files">
      <UniqueIdentifier>{1118a12b-893d-460a-867d-6438a2c981af}</UniqueIdentifier>
      <Extensions>c;cpp;cxx;tli</Extensions>
    </Filter>
    <Filter Include="Source Files\DLL Source Files">
      <UniqueIdentifier>{b1470d27-a18b-4ee0-a30d-abbaf83d0b7f}</UniqueIdentifier>
      <Extensions>c;cpp;cxx;tli</Extensions>
    </Filter>
    <Filter Include="Header Files">
      <UniqueIdentifier>{68c07f21-c79d-4243-830e-a1232c01cfa8}</UniqueIdentifier>
      <Extensions>h;hpp;hxx;hm;inl</Extensions>
    </Filter>
    <Filter Include="Header Files\Hardware Header Files">
      <UniqueIdentifier>{5d9d1e07-5a42-4aae-b839-dfc07cde3514}</UniqueIdentifier>
      <Extensions>h;hpp;hxx;hm;inl</Extensions>
    </Filter>
    <Filter Include="Header Files\Sound Header Files">
      <UniqueIdentifier>{f8039e5a-309e-4b83-8033-bcbf43ffe6fd}</UniqueIdentifier>
      <Extensions>h;hpp;hxx;hm;inl</Extensions>
    </Filter>
    <Filter Include="Header Files\DLL Header Files">
      <UniqueIdentifier>{ce5f876d-9db6-4d26-a724-e14025d21927}</UniqueIdentifier>
      <Extensions>h;hpp;hxx;hm;inl</Extensions>
    </Filter>
    <Filter Include="Resource Files">
      <UniqueIdentifier>{98edc5e6-cee8-4ace-b84c-49b0e36ef239}</UniqueIdentifier>
      <Extensions>ico;cur;bmp;dlg;rc2;rct;bin;rgs;gif;jpg;jpeg;jpe</Extensions>
    </Filter>
  </ItemGroup>
  <ItemGroup>
    <ClCompile Include="..\src\Hardware\h_FME7.cpp">
      <Filter>Source Files\Hardware Source Files</Filter>
    </ClCompile>
    <ClCompile Include="..\src\Hardware\h_Latch.cpp">
      <Filter>Source Files\Hardware Source Files</Filter>
    </ClCompile>
    <ClCompile Include="..\src\Hardware\h_MMC1.cpp">
      <Filter>Source Files\Hardware Source Files</Filter>
    </ClCompile>
    <ClCompile Include="..\src\Hardware\h_MMC2.cpp">
      <Filter>Source Files\Hardware Source Files</Filter>
    </ClCompile>
    <ClCompile Include="..\src\Hardware\h_MMC3.cpp">
      <Filter>Source Files\Hardware Source Files</Filter>
    </ClCompile>
    <ClCompile Include="..\src\Hardware\h_MMC4.cpp">
      <Filter>Source Files\Hardware Source Files</Filter>
    </ClCompile>
    <ClCompile Include="..\src\Hardware\h_MMC5.cpp">
      <Filter>Source Files\Hardware Source Files</Filter>
    </ClCompile>
    <ClCompile Include="..\src\Hardware\h_N118.cpp">
      <Filter>Source Files\Hardware Source Files</Filter>
    </ClCompile>
    <ClCompile Include="..\src\Hardware\Sound\s_MMC5.cpp">
      <Filter>Source Files\Sound Source Files</Filter>
    </ClCompile>
    <ClCompile Include="..\src\Hardware\Sound\s_N163.cpp">
      <Filter>Source Files\Sound Source Files</Filter>
    </ClCompile>
    <ClCompile Include="..\src\Hardware\Sound\s_SUN5.cpp">
      <Filter>Source Files\Sound Source Files</Filter>
    </ClCompile>
    <ClCompile Include="..\src\Hardware\Sound\s_VRC6.cpp">
      <Filter>Source Files\Sound Source Files</Filter>
    </ClCompile>
    <ClCompile Include="..\src\Hardware\Sound\s_VRC7.cpp">
      <Filter>Source Files\Sound Source Files</Filter>
    </ClCompile>
    <ClCompile Include="..\src\iNES\mapper000.cpp">
      <Filter>Source Files\Mapper Source Files</Filter>
    </ClCompile>
    <ClCompile Include="..\src\iNES\mapper002.cpp">
      <Filter>Source Files\Mapper Source Files</Filter>
    </ClCompile>
    <ClCompile Include="..\src\iNES\mapper003.cpp">
      <Filter>Source Files\Mapper Source Files</Filter>
    </ClCompile>
    <ClCompile Include="..\src\iNES\mapper005.cpp">
      <Filter>Source Files\Mapper Source Files</Filter>
    </ClCompile>
    <ClCompile Include="..\src\iNES\mapper007.cpp">
      <Filter>Source Files\Mapper Source Files</Filter>
    </ClCompile>
    <ClCompile Include="..\src\iNES\mapper009.cpp">
      <Filter>Source Files\Mapper Source Files</Filter>
    </ClCompile>
    <ClCompile Include="..\src\iNES\mapper010.cpp">
      <Filter>Source Files\Mapper Source Files</Filter>
    </ClCompile>
    <ClCompile Include="..\src\iNES\mapper011.cpp">
      <Filter>Source Files\Mapper Source Files</Filter>
    </ClCompile>
    <ClCompile Include="..\src\iNES\mapper013.cpp">
      <Filter>Source Files\Mapper Source Files</Filter>
    </ClCompile>
    <ClCompile Include="..\src\iNES\mapper016.cpp">
      <Filter>Source Files\Mapper Source Files</Filter>
    </ClCompile>
    <ClCompile Include="..\src\iNES\mapper018.cpp">
      <Filter>Source Files\Mapper Source Files</Filter>
    </ClCompile>
    <ClCompile Include="..\src\iNES\mapper019.cpp">
      <Filter>Source Files\Mapper Source Files</Filter>
    </ClCompile>
    <ClCompile Include="..\src\iNES\mapper032.cpp">
      <Filter>Source Files\Mapper Source Files</Filter>
    </ClCompile>
    <ClCompile Include="..\src\iNES\mapper033.cpp">
      <Filter>Source Files\Mapper Source Files</Filter>
    </ClCompile>
    <ClCompile Include="..\src\iNES\mapper034.cpp">
      <Filter>Source Files\Mapper Source Files</Filter>
    </ClCompile>
    <ClCompile Include="..\src\iNES\mapper038.cpp">
      <Filter>Source Files\Mapper Source Files</Filter>
    </ClCompile>
    <ClCompile Include="..\src\iNES\mapper048.cpp">
      <Filter>Source Files\Mapper Source Files</Filter>
    </ClCompile>
    <ClCompile Include="..\src\iNES\mapper056.cpp">
      <Filter>Source Files\Mapper Source Files</Filter>
    </ClCompile>
    <ClCompile Include="..\src\iNES\mapper064.cpp">
      <Filter>Source Files\Mapper Source Files</Filter>
    </ClCompile>
    <ClCompile Include="..\src\iNES\mapper065.cpp">
      <Filter>Source Files\Mapper Source Files</Filter>
    </ClCompile>
    <ClCompile Include="..\src\iNES\mapper066.cpp">
      <Filter>Source Files\Mapper Source Files</Filter>
    </ClCompile>
    <ClCompile Include="..\src\iNES\mapper067.cpp">
      <Filter>Source Files\Mapper Source Files</Filter>
    </ClCompile>
    <ClCompile Include="..\src\iNES\mapper068.cpp">
      <Filter>Source Files\Mapper Source Files</Filter>
    </ClCompile>
    <ClCompile Include="..\src\iNES\mapper069.cpp">
      <Filter>Source Files\Mapper Source Files</Filter>
    </ClCompile>
    <ClCompile Include="..\src\iNES\mapper070.cpp">
      <Filter>Source Files\Mapper Source Files</Filter>
    </ClCompile>
    <ClCompile Include="..\src\iNES\mapper071.cpp">
      <Filter>Source Files\Mapper Source Files</Filter>
    </ClCompile>
    <ClCompile Include="..\src\iNES\mapper072.cpp">
      <Filter>Source Files\Mapper Source Files</Filter>
    </ClCompile>
    <ClCompile Include="..\src\iNES\mapper076.cpp">
      <Filter>Source Files\Mapper Source Files</Filter>
    </ClCompile>
    <ClCompile Include="..\src\iNES\mapper077.cpp">
      <Filter>Source Files\Mapper Source Files</Filter>
    </ClCompile>
    <ClCompile Include="..\src\iNES\mapper078.cpp">
      <Filter>Source Files\Mapper Source Files</Filter>
    </ClCompile>
    <ClCompile Include="..\src\iNES\mapper079.cpp">
      <Filter>Source Files\Mapper Source Files</Filter>
    </ClCompile>
    <ClCompile Include="..\src\iNES\mapper080.cpp">
      <Filter>Source Files\Mapper Source Files</Filter>
    </ClCompile>
    <ClCompile Include="..\src\iNES\mapper083.cpp">
      <Filter>Source Files\Mapper Source Files</Filter>
    </ClCompile>
    <ClCompile Include="..\src\iNES\mapper086.cpp">
      <Filter>Source Files\Mapper Source Files</Filter>
    </ClCompile>
    <ClCompile Include="..\src\iNES\mapper087.cpp">
      <Filter>Source Files\Mapper Source Files</Filter>
    </ClCompile>
    <ClCompile Include="..\src\iNES\mapper088.cpp">
      <Filter>Source Files\Mapper Source Files</Filter>
    </ClCompile>
    <ClCompile Include="..\src\iNES\mapper089.cpp">
      <Filter>Source Files\Mapper Source Files</Filter>
    </ClCompile>
    <ClCompile Include="..\src\iNES\mapper092.cpp">
      <Filter>Source Files\Mapper Source Files</Filter>
    </ClCompile>
    <ClCompile Include="..\src\iNES\mapper093.cpp">
      <Filter>Source Files\Mapper Source Files</Filter>
    </ClCompile>
    <ClCompile Include="..\src\iNES\mapper094.cpp">
      <Filter>Source Files\Mapper Source Files</Filter>
    </ClCompile>
    <ClCompile Include="..\src\iNES\mapper095.cpp">
      <Filter>Source Files\Mapper Source Files</Filter>
    </ClCompile>
    <ClCompile Include="..\src\iNES\mapper096.cpp">
      <Filter>Source Files\Mapper Source Files</Filter>
    </ClCompile>
    <ClCompile Include="..\src\iNES\mapper097.cpp">
      <Filter>Source Files\Mapper Source Files</Filter>
    </ClCompile>
    <ClCompile Include="..\src\iNES\mapper107.cpp">
      <Filter>Source Files\Mapper Source Files</Filter>
    </ClCompile>
    <ClCompile Include="..\src\iNES\mapper112.cpp">
      <Filter>Source Files\Mapper Source Files</Filter>
    </ClCompile>
    <ClCompile Include="..\src\iNES\mapper113.cpp">
      <Filter>Source Files\Mapper Source Files</Filter>
    </ClCompile>
    <ClCompile Include="..\src\iNES\mapper127.cpp">
      <Filter>Source Files\Mapper Source Files</Filter>
    </ClCompile>
    <ClCompile Include="..\src\iNES\mapper137.cpp">
      <Filter>Source Files\Mapper Source Files</Filter>
    </ClCompile>
    <ClCompile Include="..\src\iNES\mapper138.cpp">
      <Filter>Source Files\Mapper Source Files</Filter>
    </ClCompile>
    <ClCompile Include="..\src\iNES\mapper139.cpp">
      <Filter>Source Files\Mapper Source Files</Filter>
    </ClCompile>
    <ClCompile Include="..\src\iNES\mapper140.cpp">
      <Filter>Source Files\Mapper Source Files</Filter>
    </ClCompile>
    <ClCompile Include="..\src\iNES\mapper141.cpp">
      <Filter>Source Files\Mapper Source Files</Filter>
    </ClCompile>
    <ClCompile Include="..\src\iNES\mapper143.cpp">
      <Filter>Source Files\Mapper Source Files</Filter>
    </ClCompile>
    <ClCompile Include="..\src\iNES\mapper145.cpp">
      <Filter>Source Files\Mapper Source Files</Filter>
    </ClCompile>
    <ClCompile Include="..\src\iNES\mapper146.cpp">
      <Filter>Source Files\Mapper Source Files</Filter>
    </ClCompile>
    <ClCompile Include="..\src\iNES\mapper147.cpp">
      <Filter>Source Files\Mapper Source Files</Filter>
    </ClCompile>
    <ClCompile Include="..\src\iNES\mapper148.cpp">
      <Filter>Source Files\Mapper Source Files</Filter>
    </ClCompile>
    <ClCompile Include="..\src\iNES\mapper149.cpp">
      <Filter>Source Files\Mapper Source Files</Filter>
    </ClCompile>
    <ClCompile Include="..\src\iNES\mapper150.cpp">
      <Filter>Source Files\Mapper Source Files</Filter>
    </ClCompile>
    <ClCompile Include="..\src\iNES\mapper152.cpp">
      <Filter>Source Files\Mapper Source Files</Filter>
    </ClCompile>
    <ClCompile Include="..\src\iNES\mapper154.cpp">
      <Filter>Source Files\Mapper Source Files</Filter>
    </ClCompile>
    <ClCompile Include="..\src\iNES\mapper159.cpp">
      <Filter>Source Files\Mapper Source Files</Filter>
    </ClCompile>
    <ClCompile Include="..\src\iNES\mapper164.cpp">
      <Filter>Source Files\Mapper Source Files</Filter>
    </ClCompile>
    <ClCompile Include="..\src\iNES\mapper180.cpp">
      <Filter>Source Files\Mapper Source Files</Filter>
    </ClCompile>
    <ClCompile Include="..\src\iNES\mapper184.cpp">
      <Filter>Source Files\Mapper Source Files</Filter>
    </ClCompile>
    <ClCompile Include="..\src\iNES\mapper185.cpp">
      <Filter>Source Files\Mapper Source Files</Filter>
    </ClCompile>
    <ClCompile Include="..\src\iNES\mapper188.cpp">
      <Filter>Source Files\Mapper Source Files</Filter>
    </ClCompile>
    <ClCompile Include="..\src\iNES\mapper193.cpp">
      <Filter>Source Files\Mapper Source Files</Filter>
    </ClCompile>
    <ClCompile Include="..\src\iNES\mapper207.cpp">
      <Filter>Source Files\Mapper Source Files</Filter>
    </ClCompile>
    <ClCompile Include="..\src\iNES\mapper240.cpp">
      <Filter>Source Files\Mapper Source Files</Filter>
    </ClCompile>
    <ClCompile Include="..\src\iNES\mapper246.cpp">
      <Filter>Source Files\Mapper Source Files</Filter>
    </ClCompile>
    <ClCompile Include="..\src\iNES\unimplemented.cpp">
      <Filter>Source Files\Mapper Source Files</Filter>
    </ClCompile>
    <ClCompile Include="..\src\DLL\d_iNES.cpp">
      <Filter>Source Files\DLL Source Files</Filter>
    </ClCompile>
    <ClCompile Include="..\src\iNES\mapper082.cpp">
      <Filter>Source Files\Mapper Source Files</Filter>
    </ClCompile>
    <ClCompile Include="..\src\iNES\mapper101.cpp">
      <Filter>Source Files\Mapper Source Files</Filter>
    </ClCompile>
    <ClCompile Include="..\src\iNES\mapper206.cpp">
      <Filter>Source Files\Mapper Source Files</Filter>
    </ClCompile>
    <ClCompile Include="..\src\iNES\mapper027.cpp">
      <Filter>Source Files\Mapper Source Files</Filter>
    </ClCompile>
    <ClCompile Include="..\src\iNES\mapper216.cpp">
      <Filter>Source Files\Mapper Source Files</Filter>
    </ClCompile>
    <ClCompile Include="..\src\iNES\mapper144.cpp">
      <Filter>Source Files\Mapper Source Files</Filter>
    </ClCompile>
    <ClCompile Include="..\src\iNES\mapper153.cpp">
      <Filter>Source Files\Mapper Source Files</Filter>
    </ClCompile>
    <ClCompile Include="..\src\iNES\mapper133.cpp">
      <Filter>Source Files\Mapper Source Files</Filter>
    </ClCompile>
    <ClCompile Include="..\src\iNES\mapper241.cpp">
      <Filter>Source Files\Mapper Source Files</Filter>
    </ClCompile>
    <ClCompile Include="..\src\iNES\mapper243.cpp">
      <Filter>Source Files\Mapper Source Files</Filter>
    </ClCompile>
    <ClCompile Include="..\src\iNES\mapper081.cpp">
      <Filter>Source Files\Mapper Source Files</Filter>
    </ClCompile>
    <ClCompile Include="..\src\iNES\mapper117.cpp">
      <Filter>Source Files\Mapper Source Files</Filter>
    </ClCompile>
    <ClCompile Include="..\src\iNES\mapper210.cpp">
      <Filter>Source Files\Mapper Source Files</Filter>
    </ClCompile>
    <ClCompile Include="..\src\iNES\mapper156.cpp">
      <Filter>Source Files\Mapper Source Files</Filter>
    </ClCompile>
    <ClCompile Include="..\src\iNES\mapper190.cpp">
      <Filter>Source Files\Mapper Source Files</Filter>
    </ClCompile>
    <ClCompile Include="..\src\Hardware\h_Mic.cpp">
      <Filter>Source Files\Hardware Source Files</Filter>
    </ClCompile>
    <ClCompile Include="..\src\iNES\mapper031.cpp">
      <Filter>Source Files\Mapper Source Files</Filter>
    </ClCompile>
    <ClCompile Include="..\src\iNES\mapper163.cpp">
      <Filter>Source Files\Mapper Source Files</Filter>
    </ClCompile>
    <ClCompile Include="..\src\iNES\mapper173.cpp">
      <Filter>Source Files\Mapper Source Files</Filter>
    </ClCompile>
    <ClCompile Include="..\src\iNES\mapper136.cpp">
      <Filter>Source Files\Mapper Source Files</Filter>
    </ClCompile>
    <ClCompile Include="..\src\iNES\mapper132.cpp">
      <Filter>Source Files\Mapper Source Files</Filter>
    </ClCompile>
    <ClCompile Include="..\src\iNES\mapper036.cpp">
      <Filter>Source Files\Mapper Source Files</Filter>
    </ClCompile>
    <ClCompile Include="..\src\iNES\mapper172.cpp">
      <Filter>Source Files\Mapper Source Files</Filter>
    </ClCompile>
    <ClCompile Include="..\src\Hardware\h_OneBus.cpp">
      <Filter>Source Files\Hardware Source Files</Filter>
    </ClCompile>
    <ClCompile Include="..\src\iNES\mapper177.cpp">
      <Filter>Source Files\Mapper Source Files</Filter>
    </ClCompile>
    <ClCompile Include="..\src\iNES\mapper178.cpp">
      <Filter>Source Files\Mapper Source Files</Filter>
    </ClCompile>
    <ClCompile Include="..\src\Hardware\Sound\Butterworth.cpp">
      <Filter>Source Files\Sound Source Files</Filter>
    </ClCompile>
    <ClCompile Include="..\src\iNES\mapper166.cpp">
      <Filter>Source Files\Mapper Source Files</Filter>
    </ClCompile>
    <ClCompile Include="..\src\iNES\mapper167.cpp">
      <Filter>Source Files\Mapper Source Files</Filter>
    </ClCompile>
    <ClCompile Include="..\src\iNES\mapper244.cpp">
      <Filter>Source Files\Mapper Source Files</Filter>
    </ClCompile>
    <ClCompile Include="..\src\iNES\mapper253.cpp">
      <Filter>Source Files\Mapper Source Files</Filter>
    </ClCompile>
    <ClCompile Include="..\src\iNES\mapper162.cpp">
      <Filter>Source Files\Mapper Source Files</Filter>
    </ClCompile>
    <ClCompile Include="..\src\iNES\mapper252.cpp">
      <Filter>Source Files\Mapper Source Files</Filter>
    </ClCompile>
    <ClCompile Include="..\src\iNES\mapper111.cpp">
      <Filter>Source Files\Mapper Source Files</Filter>
    </ClCompile>
    <ClCompile Include="..\src\Hardware\h_JV001.cpp">
      <Filter>Source Files\Hardware Source Files</Filter>
    </ClCompile>
    <ClCompile Include="..\src\iNES\mapper030.cpp">
      <Filter>Source Files\Mapper Source Files</Filter>
    </ClCompile>
    <ClCompile Include="..\src\Hardware\h_VRC6.cpp">
      <Filter>Source Files\Hardware Source Files</Filter>
    </ClCompile>
    <ClCompile Include="..\src\iNES\mapper055.cpp">
      <Filter>Source Files\Mapper Source Files</Filter>
    </ClCompile>
    <ClCompile Include="..\src\iNES\mapper006.cpp">
      <Filter>Source Files\Mapper Source Files</Filter>
    </ClCompile>
    <ClCompile Include="..\src\Hardware\h_JY.cpp">
      <Filter>Source Files\Hardware Source Files</Filter>
    </ClCompile>
    <ClCompile Include="..\src\Hardware\Sound\s_FDS.cpp">
      <Filter>Source Files\Sound Source Files</Filter>
    </ClCompile>
    <ClCompile Include="..\src\Hardware\h_VRC7.cpp">
      <Filter>Source Files\Hardware Source Files</Filter>
    </ClCompile>
    <ClCompile Include="..\src\iNES\mapper171.cpp">
      <Filter>Source Files\Mapper Source Files</Filter>
    </ClCompile>
    <ClCompile Include="..\src\iNES\mapper170.cpp">
      <Filter>Source Files\Mapper Source Files</Filter>
    </ClCompile>
    <ClCompile Include="..\src\iNES\mapper017.cpp">
      <Filter>Source Files\Mapper Source Files</Filter>
    </ClCompile>
    <ClCompile Include="..\src\iNES\mapper008.cpp">
      <Filter>Source Files\Mapper Source Files</Filter>
    </ClCompile>
    <ClCompile Include="..\src\Hardware\h_FCG.cpp">
      <Filter>Source Files\Hardware Source Files</Filter>
    </ClCompile>
    <ClCompile Include="..\src\iNES\mapper157.cpp">
      <Filter>Source Files\Mapper Source Files</Filter>
    </ClCompile>
    <ClCompile Include="..\src\iNES\mapper168.cpp">
      <Filter>Source Files\Mapper Source Files</Filter>
    </ClCompile>
    <ClCompile Include="..\src\iNES\mapper106.cpp">
      <Filter>Source Files\Mapper Source Files</Filter>
    </ClCompile>
    <ClCompile Include="..\src\iNES\mapper218.cpp">
      <Filter>Source Files\Mapper Source Files</Filter>
    </ClCompile>
    <ClCompile Include="..\src\iNES\mapper186.cpp">
      <Filter>Source Files\Mapper Source Files</Filter>
    </ClCompile>
    <ClCompile Include="..\src\Hardware\Sound\s_hc55516.cpp">
      <Filter>Source Files\Sound Source Files</Filter>
    </ClCompile>
    <ClCompile Include="..\src\Hardware\simplefdc.cpp">
      <Filter>Source Files\Hardware Source Files</Filter>
    </ClCompile>
    <ClCompile Include="..\src\Hardware\Hash.cpp">
      <Filter>Source Files\Hardware Source Files</Filter>
    </ClCompile>
    <ClCompile Include="..\src\Hardware\h_TXCLatch.cpp">
      <Filter>Source Files\Hardware Source Files</Filter>
    </ClCompile>
    <ClCompile Include="..\src\iNES\mapper761.cpp">
      <Filter>Source Files\Mapper Source Files</Filter>
    </ClCompile>
    <ClCompile Include="..\src\Hardware\h_KS202.cpp">
      <Filter>Source Files\Hardware Source Files</Filter>
    </ClCompile>
    <ClCompile Include="..\src\Hardware\Sound\s_waveFile.cpp">
      <Filter>Source Files\Sound Source Files</Filter>
    </ClCompile>
    <ClCompile Include="..\src\Hardware\h_PIC16C5x.cpp">
      <Filter>Header Files\Hardware Header Files</Filter>
    </ClCompile>
    <ClCompile Include="..\src\Hardware\h_FlashROM.cpp">
      <Filter>Source Files\Hardware Source Files</Filter>
    </ClCompile>
    <ClCompile Include="..\src\iNES\mapper099.cpp">
      <Filter>Source Files\Mapper Source Files</Filter>
    </ClCompile>
    <ClCompile Include="..\src\iNES\mapper029.cpp">
      <Filter>Source Files\Mapper Source Files</Filter>
    </ClCompile>
    <ClCompile Include="..\src\Hardware\h_EEPROM.cpp">
      <Filter>Source Files\Hardware Source Files</Filter>
    </ClCompile>
    <ClCompile Include="..\src\Hardware\Sound\s_ADPCM3Bit.cpp">
      <Filter>Source Files\Sound Source Files</Filter>
    </ClCompile>
    <ClCompile Include="..\src\Hardware\h_SerialDevice.cpp">
      <Filter>Source Files\Hardware Source Files</Filter>
    </ClCompile>
    <ClCompile Include="..\src\Hardware\h_OneBus_GPIO.cpp">
      <Filter>Source Files\Hardware Source Files</Filter>
    </ClCompile>
    <ClCompile Include="..\src\Hardware\h_EEPROM_93Cx6.cpp">
      <Filter>Source Files\Hardware Source Files</Filter>
    </ClCompile>
    <ClCompile Include="..\src\Hardware\h_VRC24.cpp">
      <Filter>Source Files\Hardware Source Files</Filter>
    </ClCompile>
    <ClCompile Include="..\src\Hardware\Sound\s_upd7756.cpp">
      <Filter>Source Files\Sound Source Files</Filter>
    </ClCompile>
    <ClCompile Include="..\src\iNES\FDS conversions\mapper303.cpp">
      <Filter>Source Files\Mapper Source Files</Filter>
    </ClCompile>
    <ClCompile Include="..\src\iNES\FDS conversions\mapper304.cpp">
      <Filter>Source Files\Mapper Source Files</Filter>
    </ClCompile>
    <ClCompile Include="..\src\iNES\FDS conversions\mapper305.cpp">
      <Filter>Source Files\Mapper Source Files</Filter>
    </ClCompile>
    <ClCompile Include="..\src\iNES\FDS conversions\mapper306.cpp">
      <Filter>Source Files\Mapper Source Files</Filter>
    </ClCompile>
    <ClCompile Include="..\src\iNES\FDS conversions\mapper307.cpp">
      <Filter>Source Files\Mapper Source Files</Filter>
    </ClCompile>
    <ClCompile Include="..\src\iNES\FDS conversions\mapper309.cpp">
      <Filter>Source Files\Mapper Source Files</Filter>
    </ClCompile>
    <ClCompile Include="..\src\iNES\FDS conversions\mapper311.cpp">
      <Filter>Source Files\Mapper Source Files</Filter>
    </ClCompile>
    <ClCompile Include="..\src\iNES\FDS conversions\mapper312.cpp">
      <Filter>Source Files\Mapper Source Files</Filter>
    </ClCompile>
    <ClCompile Include="..\src\iNES\FDS conversions\mapper346.cpp">
      <Filter>Source Files\Mapper Source Files</Filter>
    </ClCompile>
    <ClCompile Include="..\src\iNES\FDS conversions\mapper347.cpp">
      <Filter>Source Files\Mapper Source Files</Filter>
    </ClCompile>
    <ClCompile Include="..\src\iNES\FDS conversions\mapper368.cpp">
      <Filter>Source Files\Mapper Source Files</Filter>
    </ClCompile>
    <ClCompile Include="..\src\iNES\FDS conversions\mapper415.cpp">
      <Filter>Source Files\Mapper Source Files</Filter>
    </ClCompile>
    <ClCompile Include="..\src\iNES\FDS conversions\mapper469.cpp">
      <Filter>Source Files\Mapper Source Files</Filter>
    </ClCompile>
    <ClCompile Include="..\src\iNES\FDS conversions\mapper522.cpp">
      <Filter>Source Files\Mapper Source Files</Filter>
    </ClCompile>
    <ClCompile Include="..\src\iNES\FDS conversions\mapper535.cpp">
      <Filter>Source Files\Mapper Source Files</Filter>
    </ClCompile>
    <ClCompile Include="..\src\iNES\FDS conversions\mapper538.cpp">
      <Filter>Source Files\Mapper Source Files</Filter>
    </ClCompile>
    <ClCompile Include="..\src\iNES\FDS conversions\mapper539.cpp">
      <Filter>Source Files\Mapper Source Files</Filter>
    </ClCompile>
    <ClCompile Include="..\src\iNES\FDS conversions\mapper548.cpp">
      <Filter>Source Files\Mapper Source Files</Filter>
    </ClCompile>
    <ClCompile Include="..\src\iNES\FDS conversions\mapper549.cpp">
      <Filter>Source Files\Mapper Source Files</Filter>
    </ClCompile>
    <ClCompile Include="..\src\iNES\FDS conversions\mapper554.cpp">
      <Filter>Source Files\Mapper Source Files</Filter>
    </ClCompile>
    <ClCompile Include="..\src\iNES\FDS conversions\mapper557.cpp">
      <Filter>Source Files\Mapper Source Files</Filter>
    </ClCompile>
    <ClCompile Include="..\src\iNES\FDS conversions\mapper302.cpp">
      <Filter>Source Files\Mapper Source Files</Filter>
    </ClCompile>
    <ClCompile Include="..\src\iNES\Jingtai\mapper358.cpp">
      <Filter>Source Files\Mapper Source Files</Filter>
    </ClCompile>
    <ClCompile Include="..\src\iNES\Jingtai\mapper386.cpp">
      <Filter>Source Files\Mapper Source Files</Filter>
    </ClCompile>
    <ClCompile Include="..\src\iNES\Jingtai\mapper387.cpp">
      <Filter>Source Files\Mapper Source Files</Filter>
    </ClCompile>
    <ClCompile Include="..\src\iNES\Jingtai\mapper388.cpp">
      <Filter>Source Files\Mapper Source Files</Filter>
    </ClCompile>
    <ClCompile Include="..\src\iNES\Jingtai\mapper397.cpp">
      <Filter>Source Files\Mapper Source Files</Filter>
    </ClCompile>
    <ClCompile Include="..\src\iNES\Jingtai\mapper421.cpp">
      <Filter>Source Files\Mapper Source Files</Filter>
    </ClCompile>
    <ClCompile Include="..\src\iNES\Jingtai\mapper550.cpp">
      <Filter>Source Files\Mapper Source Files</Filter>
    </ClCompile>
    <ClCompile Include="..\src\iNES\Jingtai\mapper281.cpp">
      <Filter>Source Files\Mapper Source Files</Filter>
    </ClCompile>
    <ClCompile Include="..\src\iNES\Jingtai\mapper282.cpp">
      <Filter>Source Files\Mapper Source Files</Filter>
    </ClCompile>
    <ClCompile Include="..\src\iNES\MMC3-based\mapper263.cpp">
      <Filter>Source Files\Mapper Source Files</Filter>
    </ClCompile>
    <ClCompile Include="..\src\iNES\MMC3-based\mapper267.cpp">
      <Filter>Source Files\Mapper Source Files</Filter>
    </ClCompile>
    <ClCompile Include="..\src\iNES\MMC3-based\mapper268.cpp">
      <Filter>Source Files\Mapper Source Files</Filter>
    </ClCompile>
    <ClCompile Include="..\src\iNES\MMC3-based\mapper269.cpp">
      <Filter>Source Files\Mapper Source Files</Filter>
    </ClCompile>
    <ClCompile Include="..\src\iNES\MMC3-based\mapper287.cpp">
      <Filter>Source Files\Mapper Source Files</Filter>
    </ClCompile>
    <ClCompile Include="..\src\iNES\MMC3-based\mapper291.cpp">
      <Filter>Source Files\Mapper Source Files</Filter>
    </ClCompile>
    <ClCompile Include="..\src\iNES\MMC3-based\mapper292.cpp">
      <Filter>Source Files\Mapper Source Files</Filter>
    </ClCompile>
    <ClCompile Include="..\src\iNES\MMC3-based\mapper313.cpp">
      <Filter>Source Files\Mapper Source Files</Filter>
    </ClCompile>
    <ClCompile Include="..\src\iNES\MMC3-based\mapper315.cpp">
      <Filter>Source Files\Mapper Source Files</Filter>
    </ClCompile>
    <ClCompile Include="..\src\iNES\MMC3-based\mapper322.cpp">
      <Filter>Source Files\Mapper Source Files</Filter>
    </ClCompile>
    <ClCompile Include="..\src\iNES\MMC3-based\mapper325.cpp">
      <Filter>Source Files\Mapper Source Files</Filter>
    </ClCompile>
    <ClCompile Include="..\src\iNES\MMC3-based\mapper327.cpp">
      <Filter>Source Files\Mapper Source Files</Filter>
    </ClCompile>
    <ClCompile Include="..\src\iNES\MMC3-based\mapper333.cpp">
      <Filter>Source Files\Mapper Source Files</Filter>
    </ClCompile>
    <ClCompile Include="..\src\iNES\MMC3-based\mapper334.cpp">
      <Filter>Source Files\Mapper Source Files</Filter>
    </ClCompile>
    <ClCompile Include="..\src\iNES\MMC3-based\mapper339.cpp">
      <Filter>Source Files\Mapper Source Files</Filter>
    </ClCompile>
    <ClCompile Include="..\src\iNES\MMC3-based\mapper344.cpp">
      <Filter>Source Files\Mapper Source Files</Filter>
    </ClCompile>
    <ClCompile Include="..\src\iNES\MMC3-based\mapper345.cpp">
      <Filter>Source Files\Mapper Source Files</Filter>
    </ClCompile>
    <ClCompile Include="..\src\iNES\MMC3-based\mapper348.cpp">
      <Filter>Source Files\Mapper Source Files</Filter>
    </ClCompile>
    <ClCompile Include="..\src\iNES\MMC3-based\mapper353.cpp">
      <Filter>Source Files\Mapper Source Files</Filter>
    </ClCompile>
    <ClCompile Include="..\src\iNES\MMC3-based\mapper356.cpp">
      <Filter>Source Files\Mapper Source Files</Filter>
    </ClCompile>
    <ClCompile Include="..\src\iNES\MMC3-based\mapper361.cpp">
      <Filter>Source Files\Mapper Source Files</Filter>
    </ClCompile>
    <ClCompile Include="..\src\iNES\MMC3-based\mapper364.cpp">
      <Filter>Source Files\Mapper Source Files</Filter>
    </ClCompile>
    <ClCompile Include="..\src\iNES\MMC3-based\mapper366.cpp">
      <Filter>Source Files\Mapper Source Files</Filter>
    </ClCompile>
    <ClCompile Include="..\src\iNES\MMC3-based\mapper367.cpp">
      <Filter>Source Files\Mapper Source Files</Filter>
    </ClCompile>
    <ClCompile Include="..\src\iNES\MMC3-based\mapper369.cpp">
      <Filter>Source Files\Mapper Source Files</Filter>
    </ClCompile>
    <ClCompile Include="..\src\iNES\MMC3-based\mapper370.cpp">
      <Filter>Source Files\Mapper Source Files</Filter>
    </ClCompile>
    <ClCompile Include="..\src\iNES\MMC3-based\mapper372.cpp">
      <Filter>Source Files\Mapper Source Files</Filter>
    </ClCompile>
    <ClCompile Include="..\src\iNES\MMC3-based\mapper373.cpp">
      <Filter>Source Files\Mapper Source Files</Filter>
    </ClCompile>
    <ClCompile Include="..\src\iNES\MMC3-based\mapper376.cpp">
      <Filter>Source Files\Mapper Source Files</Filter>
    </ClCompile>
    <ClCompile Include="..\src\iNES\MMC3-based\mapper377.cpp">
      <Filter>Source Files\Mapper Source Files</Filter>
    </ClCompile>
    <ClCompile Include="..\src\iNES\MMC3-based\mapper383.cpp">
      <Filter>Source Files\Mapper Source Files</Filter>
    </ClCompile>
    <ClCompile Include="..\src\iNES\MMC3-based\mapper391.cpp">
      <Filter>Source Files\Mapper Source Files</Filter>
    </ClCompile>
    <ClCompile Include="..\src\iNES\MMC3-based\mapper392.cpp">
      <Filter>Source Files\Mapper Source Files</Filter>
    </ClCompile>
    <ClCompile Include="..\src\iNES\MMC3-based\mapper393.cpp">
      <Filter>Source Files\Mapper Source Files</Filter>
    </ClCompile>
    <ClCompile Include="..\src\iNES\MMC3-based\mapper395.cpp">
      <Filter>Source Files\Mapper Source Files</Filter>
    </ClCompile>
    <ClCompile Include="..\src\iNES\MMC3-based\mapper399.cpp">
      <Filter>Source Files\Mapper Source Files</Filter>
    </ClCompile>
    <ClCompile Include="..\src\iNES\MMC3-based\mapper401.cpp">
      <Filter>Source Files\Mapper Source Files</Filter>
    </ClCompile>
    <ClCompile Include="..\src\iNES\MMC3-based\mapper406.cpp">
      <Filter>Source Files\Mapper Source Files</Filter>
    </ClCompile>
    <ClCompile Include="..\src\iNES\MMC3-based\mapper410.cpp">
      <Filter>Source Files\Mapper Source Files</Filter>
    </ClCompile>
    <ClCompile Include="..\src\iNES\MMC3-based\mapper411.cpp">
      <Filter>Source Files\Mapper Source Files</Filter>
    </ClCompile>
    <ClCompile Include="..\src\iNES\MMC3-based\mapper412.cpp">
      <Filter>Source Files\Mapper Source Files</Filter>
    </ClCompile>
    <ClCompile Include="..\src\iNES\MMC3-based\mapper420.cpp">
      <Filter>Source Files\Mapper Source Files</Filter>
    </ClCompile>
    <ClCompile Include="..\src\iNES\MMC3-based\mapper422.cpp">
      <Filter>Source Files\Mapper Source Files</Filter>
    </ClCompile>
    <ClCompile Include="..\src\iNES\MMC3-based\mapper430.cpp">
      <Filter>Source Files\Mapper Source Files</Filter>
    </ClCompile>
    <ClCompile Include="..\src\iNES\MMC3-based\mapper432.cpp">
      <Filter>Source Files\Mapper Source Files</Filter>
    </ClCompile>
    <ClCompile Include="..\src\iNES\MMC3-based\mapper441.cpp">
      <Filter>Source Files\Mapper Source Files</Filter>
    </ClCompile>
    <ClCompile Include="..\src\iNES\MMC3-based\mapper443.cpp">
      <Filter>Source Files\Mapper Source Files</Filter>
    </ClCompile>
    <ClCompile Include="..\src\iNES\MMC3-based\mapper444.cpp">
      <Filter>Source Files\Mapper Source Files</Filter>
    </ClCompile>
    <ClCompile Include="..\src\iNES\MMC3-based\mapper451.cpp">
      <Filter>Source Files\Mapper Source Files</Filter>
    </ClCompile>
    <ClCompile Include="..\src\iNES\MMC3-based\mapper455.cpp">
      <Filter>Source Files\Mapper Source Files</Filter>
    </ClCompile>
    <ClCompile Include="..\src\iNES\MMC3-based\mapper456.cpp">
      <Filter>Source Files\Mapper Source Files</Filter>
    </ClCompile>
    <ClCompile Include="..\src\iNES\MMC3-based\mapper457.cpp">
      <Filter>Source Files\Mapper Source Files</Filter>
    </ClCompile>
    <ClCompile Include="..\src\iNES\MMC3-based\mapper458.cpp">
      <Filter>Source Files\Mapper Source Files</Filter>
    </ClCompile>
    <ClCompile Include="..\src\iNES\MMC3-based\mapper460.cpp">
      <Filter>Source Files\Mapper Source Files</Filter>
    </ClCompile>
    <ClCompile Include="..\src\iNES\MMC3-based\mapper467.cpp">
      <Filter>Source Files\Mapper Source Files</Filter>
    </ClCompile>
    <ClCompile Include="..\src\iNES\MMC3-based\mapper472.cpp">
      <Filter>Source Files\Mapper Source Files</Filter>
    </ClCompile>
    <ClCompile Include="..\src\iNES\MMC3-based\mapper512.cpp">
      <Filter>Source Files\Mapper Source Files</Filter>
    </ClCompile>
    <ClCompile Include="..\src\iNES\MMC3-based\mapper513.cpp">
      <Filter>Source Files\Mapper Source Files</Filter>
    </ClCompile>
    <ClCompile Include="..\src\iNES\MMC3-based\mapper516.cpp">
      <Filter>Source Files\Mapper Source Files</Filter>
    </ClCompile>
    <ClCompile Include="..\src\iNES\MMC3-based\mapper523.cpp">
      <Filter>Source Files\Mapper Source Files</Filter>
    </ClCompile>
    <ClCompile Include="..\src\iNES\MMC3-based\mapper531.cpp">
      <Filter>Source Files\Mapper Source Files</Filter>
    </ClCompile>
    <ClCompile Include="..\src\iNES\MMC3-based\mapper534.cpp">
      <Filter>Source Files\Mapper Source Files</Filter>
    </ClCompile>
    <ClCompile Include="..\src\iNES\MMC3-based\mapper545.cpp">
      <Filter>Source Files\Mapper Source Files</Filter>
    </ClCompile>
    <ClCompile Include="..\src\iNES\MMC3-based\mapper555.cpp">
      <Filter>Source Files\Mapper Source Files</Filter>
    </ClCompile>
    <ClCompile Include="..\src\iNES\MMC3-based\mapper176.cpp">
      <Filter>Source Files\Mapper Source Files</Filter>
    </ClCompile>
    <ClCompile Include="..\src\iNES\MMC3-based\mapper215.cpp">
      <Filter>Source Files\Mapper Source Files</Filter>
    </ClCompile>
    <ClCompile Include="..\src\iNES\MMC3-based\mapper258.cpp">
      <Filter>Source Files\Mapper Source Files</Filter>
    </ClCompile>
    <ClCompile Include="..\src\iNES\MMC3-based\mapper259.cpp">
      <Filter>Source Files\Mapper Source Files</Filter>
    </ClCompile>
    <ClCompile Include="..\src\iNES\MMC3-based\mapper260.cpp">
      <Filter>Source Files\Mapper Source Files</Filter>
    </ClCompile>
    <ClCompile Include="..\src\iNES\MMC3-based\mapper262.cpp">
      <Filter>Source Files\Mapper Source Files</Filter>
    </ClCompile>
    <ClCompile Include="..\src\iNES\multi-ASIC\mapper446.cpp">
      <Filter>Source Files\Mapper Source Files</Filter>
    </ClCompile>
    <ClCompile Include="..\src\iNES\multi-ASIC\mapper468.cpp">
      <Filter>Source Files\Mapper Source Files</Filter>
    </ClCompile>
    <ClCompile Include="..\src\iNES\multi-ASIC\mapper556.cpp">
      <Filter>Source Files\Mapper Source Files</Filter>
    </ClCompile>
    <ClCompile Include="..\src\iNES\multi-ASIC\mapper342.cpp">
      <Filter>Source Files\Mapper Source Files</Filter>
    </ClCompile>
    <ClCompile Include="..\src\iNES\multi-ASIC\mapper351.cpp">
      <Filter>Source Files\Mapper Source Files</Filter>
    </ClCompile>
    <ClCompile Include="..\src\iNES\multi-ASIC\mapper394.cpp">
      <Filter>Source Files\Mapper Source Files</Filter>
    </ClCompile>
    <ClCompile Include="..\src\iNES\multicart address latch\mapper380.cpp">
      <Filter>Source Files\Mapper Source Files</Filter>
    </ClCompile>
    <ClCompile Include="..\src\iNES\multicart address latch\mapper385.cpp">
      <Filter>Source Files\Mapper Source Files</Filter>
    </ClCompile>
    <ClCompile Include="..\src\iNES\multicart address latch\mapper402.cpp">
      <Filter>Source Files\Mapper Source Files</Filter>
    </ClCompile>
    <ClCompile Include="..\src\iNES\multicart address latch\mapper435.cpp">
      <Filter>Source Files\Mapper Source Files</Filter>
    </ClCompile>
    <ClCompile Include="..\src\iNES\multicart address latch\mapper459.cpp">
      <Filter>Source Files\Mapper Source Files</Filter>
    </ClCompile>
    <ClCompile Include="..\src\iNES\multicart address latch\mapper464.cpp">
      <Filter>Source Files\Mapper Source Files</Filter>
    </ClCompile>
    <ClCompile Include="..\src\iNES\multicart address latch\mapper541.cpp">
      <Filter>Source Files\Mapper Source Files</Filter>
    </ClCompile>
    <ClCompile Include="..\src\iNES\multicart address latch\mapper261.cpp">
      <Filter>Source Files\Mapper Source Files</Filter>
    </ClCompile>
    <ClCompile Include="..\src\iNES\multicart address latch\mapper288.cpp">
      <Filter>Source Files\Mapper Source Files</Filter>
    </ClCompile>
    <ClCompile Include="..\src\iNES\multicart address latch\mapper290.cpp">
      <Filter>Source Files\Mapper Source Files</Filter>
    </ClCompile>
    <ClCompile Include="..\src\iNES\multicart address latch\mapper300.cpp">
      <Filter>Source Files\Mapper Source Files</Filter>
    </ClCompile>
    <ClCompile Include="..\src\iNES\multicart address latch\mapper338.cpp">
      <Filter>Source Files\Mapper Source Files</Filter>
    </ClCompile>
    <ClCompile Include="..\src\iNES\multicart address latch\mapper340.cpp">
      <Filter>Source Files\Mapper Source Files</Filter>
    </ClCompile>
    <ClCompile Include="..\src\iNES\multicart address latch\mapper341.cpp">
      <Filter>Source Files\Mapper Source Files</Filter>
    </ClCompile>
    <ClCompile Include="..\src\iNES\multicart address latch\mapper349.cpp">
      <Filter>Source Files\Mapper Source Files</Filter>
    </ClCompile>
    <ClCompile Include="..\src\iNES\OneBus\mapper426.cpp">
      <Filter>Source Files\Mapper Source Files</Filter>
    </ClCompile>
    <ClCompile Include="..\src\iNES\OneBus\mapper427.cpp">
      <Filter>Source Files\Mapper Source Files</Filter>
    </ClCompile>
    <ClCompile Include="..\src\iNES\OneBus\mapper436.cpp">
      <Filter>Source Files\Mapper Source Files</Filter>
    </ClCompile>
    <ClCompile Include="..\src\iNES\OneBus\mapper256.cpp">
      <Filter>Source Files\Mapper Source Files</Filter>
    </ClCompile>
    <ClCompile Include="..\src\iNES\OneBus\mapper270.cpp">
      <Filter>Source Files\Mapper Source Files</Filter>
    </ClCompile>
    <ClCompile Include="..\src\iNES\OneBus\mapper296.cpp">
      <Filter>Source Files\Mapper Source Files</Filter>
    </ClCompile>
    <ClCompile Include="..\src\iNES\OneBus\mapper407.cpp">
      <Filter>Source Files\Mapper Source Files</Filter>
    </ClCompile>
    <ClCompile Include="..\src\iNES\OneBus\mapper408.cpp">
      <Filter>Source Files\Mapper Source Files</Filter>
    </ClCompile>
    <ClCompile Include="..\src\iNES\OneBus\mapper419.cpp">
      <Filter>Source Files\Mapper Source Files</Filter>
    </ClCompile>
    <ClCompile Include="..\src\iNES\OneBus\mapper423.cpp">
      <Filter>Source Files\Mapper Source Files</Filter>
    </ClCompile>
    <ClCompile Include="..\src\iNES\OneBus\mapper424.cpp">
      <Filter>Source Files\Mapper Source Files</Filter>
    </ClCompile>
    <ClCompile Include="..\src\iNES\OneBus\mapper425.cpp">
      <Filter>Source Files\Mapper Source Files</Filter>
    </ClCompile>
    <ClCompile Include="..\src\iNES\VRC-based\mapper527.cpp">
      <Filter>Source Files\Mapper Source Files</Filter>
    </ClCompile>
    <ClCompile Include="..\src\iNES\VRC-based\mapper529.cpp">
      <Filter>Source Files\Mapper Source Files</Filter>
    </ClCompile>
    <ClCompile Include="..\src\iNES\VRC-based\mapper530.cpp">
      <Filter>Source Files\Mapper Source Files</Filter>
    </ClCompile>
    <ClCompile Include="..\src\iNES\VRC-based\mapper542.cpp">
      <Filter>Source Files\Mapper Source Files</Filter>
    </ClCompile>
    <ClCompile Include="..\src\iNES\VRC-based\mapper544.cpp">
      <Filter>Source Files\Mapper Source Files</Filter>
    </ClCompile>
    <ClCompile Include="..\src\iNES\VRC-based\mapper559.cpp">
      <Filter>Source Files\Mapper Source Files</Filter>
    </ClCompile>
    <ClCompile Include="..\src\iNES\VRC-based\mapper563.cpp">
      <Filter>Source Files\Mapper Source Files</Filter>
    </ClCompile>
    <ClCompile Include="..\src\iNES\VRC-based\mapper266.cpp">
      <Filter>Source Files\Mapper Source Files</Filter>
    </ClCompile>
    <ClCompile Include="..\src\iNES\VRC-based\mapper298.cpp">
      <Filter>Source Files\Mapper Source Files</Filter>
    </ClCompile>
    <ClCompile Include="..\src\iNES\VRC-based\mapper308.cpp">
      <Filter>Source Files\Mapper Source Files</Filter>
    </ClCompile>
    <ClCompile Include="..\src\iNES\VRC-based\mapper362.cpp">
      <Filter>Source Files\Mapper Source Files</Filter>
    </ClCompile>
    <ClCompile Include="..\src\iNES\VRC-based\mapper384.cpp">
      <Filter>Source Files\Mapper Source Files</Filter>
    </ClCompile>
    <ClCompile Include="..\src\iNES\VRC-based\mapper398.cpp">
      <Filter>Source Files\Mapper Source Files</Filter>
    </ClCompile>
    <ClCompile Include="..\src\iNES\VRC-based\mapper447.cpp">
      <Filter>Source Files\Mapper Source Files</Filter>
    </ClCompile>
    <ClCompile Include="..\src\iNES\VRC-based\mapper448.cpp">
      <Filter>Source Files\Mapper Source Files</Filter>
    </ClCompile>
    <ClCompile Include="..\src\iNES\VRC-based\mapper450.cpp">
      <Filter>Source Files\Mapper Source Files</Filter>
    </ClCompile>
    <ClCompile Include="..\src\iNES\VRC-based\mapper520.cpp">
      <Filter>Source Files\Mapper Source Files</Filter>
    </ClCompile>
    <ClCompile Include="..\src\iNES\VRC-based\mapper524.cpp">
      <Filter>Source Files\Mapper Source Files</Filter>
    </ClCompile>
    <ClCompile Include="..\src\iNES\mapper257.cpp">
      <Filter>Source Files\Mapper Source Files</Filter>
    </ClCompile>
    <ClCompile Include="..\src\iNES\mapper562.cpp">
      <Filter>Source Files\Mapper Source Files</Filter>
    </ClCompile>
    <ClCompile Include="..\src\iNES\mapper264.cpp">
      <Filter>Source Files\Mapper Source Files</Filter>
    </ClCompile>
    <ClCompile Include="..\src\iNES\mapper272.cpp">
      <Filter>Source Files\Mapper Source Files</Filter>
    </ClCompile>
    <ClCompile Include="..\src\iNES\mapper284.cpp">
      <Filter>Source Files\Mapper Source Files</Filter>
    </ClCompile>
    <ClCompile Include="..\src\iNES\mapper323.cpp">
      <Filter>Source Files\Mapper Source Files</Filter>
    </ClCompile>
    <ClCompile Include="..\src\iNES\mapper326.cpp">
      <Filter>Source Files\Mapper Source Files</Filter>
    </ClCompile>
    <ClCompile Include="..\src\iNES\mapper328.cpp">
      <Filter>Source Files\Mapper Source Files</Filter>
    </ClCompile>
    <ClCompile Include="..\src\iNES\mapper329.cpp">
      <Filter>Source Files\Mapper Source Files</Filter>
    </ClCompile>
    <ClCompile Include="..\src\iNES\mapper330.cpp">
      <Filter>Source Files\Mapper Source Files</Filter>
    </ClCompile>
    <ClCompile Include="..\src\iNES\mapper355.cpp">
      <Filter>Source Files\Mapper Source Files</Filter>
    </ClCompile>
    <ClCompile Include="..\src\iNES\mapper365.cpp">
      <Filter>Source Files\Mapper Source Files</Filter>
    </ClCompile>
    <ClCompile Include="..\src\iNES\mapper371.cpp">
      <Filter>Source Files\Mapper Source Files</Filter>
    </ClCompile>
    <ClCompile Include="..\src\iNES\mapper405.cpp">
      <Filter>Source Files\Mapper Source Files</Filter>
    </ClCompile>
    <ClCompile Include="..\src\iNES\mapper409.cpp">
      <Filter>Source Files\Mapper Source Files</Filter>
    </ClCompile>
    <ClCompile Include="..\src\iNES\mapper413.cpp">
      <Filter>Source Files\Mapper Source Files</Filter>
    </ClCompile>
    <ClCompile Include="..\src\iNES\mapper417.cpp">
      <Filter>Source Files\Mapper Source Files</Filter>
    </ClCompile>
    <ClCompile Include="..\src\iNES\mapper418.cpp">
      <Filter>Source Files\Mapper Source Files</Filter>
    </ClCompile>
    <ClCompile Include="..\src\iNES\mapper442.cpp">
      <Filter>Source Files\Mapper Source Files</Filter>
    </ClCompile>
    <ClCompile Include="..\src\iNES\mapper471.cpp">
      <Filter>Source Files\Mapper Source Files</Filter>
    </ClCompile>
    <ClCompile Include="..\src\iNES\mapper514.cpp">
      <Filter>Source Files\Mapper Source Files</Filter>
    </ClCompile>
    <ClCompile Include="..\src\iNES\mapper515.cpp">
      <Filter>Source Files\Mapper Source Files</Filter>
    </ClCompile>
    <ClCompile Include="..\src\iNES\mapper517.cpp">
      <Filter>Source Files\Mapper Source Files</Filter>
    </ClCompile>
    <ClCompile Include="..\src\iNES\mapper518.cpp">
      <Filter>Source Files\Mapper Source Files</Filter>
    </ClCompile>
    <ClCompile Include="..\src\iNES\mapper521.cpp">
      <Filter>Source Files\Mapper Source Files</Filter>
    </ClCompile>
    <ClCompile Include="..\src\iNES\mapper525.cpp">
      <Filter>Source Files\Mapper Source Files</Filter>
    </ClCompile>
    <ClCompile Include="..\src\iNES\mapper526.cpp">
      <Filter>Source Files\Mapper Source Files</Filter>
    </ClCompile>
    <ClCompile Include="..\src\iNES\mapper532.cpp">
      <Filter>Source Files\Mapper Source Files</Filter>
    </ClCompile>
    <ClCompile Include="..\src\iNES\mapper533.cpp">
      <Filter>Source Files\Mapper Source Files</Filter>
    </ClCompile>
    <ClCompile Include="..\src\iNES\mapper547.cpp">
      <Filter>Source Files\Mapper Source Files</Filter>
    </ClCompile>
    <ClCompile Include="..\src\iNES\mapper551.cpp">
      <Filter>Source Files\Mapper Source Files</Filter>
    </ClCompile>
    <ClCompile Include="..\src\iNES\mapper552.cpp">
      <Filter>Source Files\Mapper Source Files</Filter>
    </ClCompile>
    <ClCompile Include="..\src\iNES\mapper553.cpp">
      <Filter>Source Files\Mapper Source Files</Filter>
    </ClCompile>
    <ClCompile Include="..\src\iNES\mapper558.cpp">
      <Filter>Source Files\Mapper Source Files</Filter>
    </ClCompile>
    <ClCompile Include="..\src\iNES\mapper560.cpp">
      <Filter>Source Files\Mapper Source Files</Filter>
    </ClCompile>
    <ClCompile Include="..\src\iNES\mapper561.cpp">
      <Filter>Source Files\Mapper Source Files</Filter>
    </ClCompile>
    <ClCompile Include="..\src\iNES\multicart data latch\mapper433.cpp">
      <Filter>Source Files\Mapper Source Files</Filter>
    </ClCompile>
    <ClCompile Include="..\src\iNES\multicart data latch\mapper453.cpp">
      <Filter>Source Files\Mapper Source Files</Filter>
    </ClCompile>
    <ClCompile Include="..\src\iNES\multicart data latch\mapper564.cpp">
      <Filter>Source Files\Mapper Source Files</Filter>
    </ClCompile>
    <ClCompile Include="..\src\iNES\multicart data latch\mapper271.cpp">
      <Filter>Source Files\Mapper Source Files</Filter>
    </ClCompile>
    <ClCompile Include="..\src\iNES\multicart data latch\mapper277.cpp">
      <Filter>Source Files\Mapper Source Files</Filter>
    </ClCompile>
    <ClCompile Include="..\src\iNES\multicart data latch\mapper283.cpp">
      <Filter>Source Files\Mapper Source Files</Filter>
    </ClCompile>
    <ClCompile Include="..\src\iNES\multicart data latch\mapper285.cpp">
      <Filter>Source Files\Mapper Source Files</Filter>
    </ClCompile>
    <ClCompile Include="..\src\iNES\multicart data latch\mapper299.cpp">
      <Filter>Source Files\Mapper Source Files</Filter>
    </ClCompile>
    <ClCompile Include="..\src\iNES\multicart data latch\mapper324.cpp">
      <Filter>Source Files\Mapper Source Files</Filter>
    </ClCompile>
    <ClCompile Include="..\src\iNES\multicart data latch\mapper336.cpp">
      <Filter>Source Files\Mapper Source Files</Filter>
    </ClCompile>
    <ClCompile Include="..\src\iNES\multicart data latch\mapper343.cpp">
      <Filter>Source Files\Mapper Source Files</Filter>
    </ClCompile>
    <ClCompile Include="..\src\iNES\multicart data latch\mapper378.cpp">
      <Filter>Source Files\Mapper Source Files</Filter>
    </ClCompile>
    <ClCompile Include="..\src\iNES\multicart data latch\mapper379.cpp">
      <Filter>Source Files\Mapper Source Files</Filter>
    </ClCompile>
    <ClCompile Include="..\src\iNES\multicart data latch\mapper429.cpp">
      <Filter>Source Files\Mapper Source Files</Filter>
    </ClCompile>
    <ClCompile Include="..\src\iNES\MMC1-based\mapper374.cpp">
      <Filter>Source Files\Mapper Source Files</Filter>
    </ClCompile>
    <ClCompile Include="..\src\iNES\MMC1-based\mapper404.cpp">
      <Filter>Source Files\Mapper Source Files</Filter>
    </ClCompile>
    <ClCompile Include="..\src\iNES\MMC1-based\mapper543.cpp">
      <Filter>Source Files\Mapper Source Files</Filter>
    </ClCompile>
    <ClCompile Include="..\src\iNES\MMC1-based\mapper546.cpp">
      <Filter>Source Files\Mapper Source Files</Filter>
    </ClCompile>
    <ClCompile Include="..\src\iNES\MMC1-based\mapper001.cpp">
      <Filter>Source Files\Mapper Source Files</Filter>
    </ClCompile>
    <ClCompile Include="..\src\iNES\MMC1-based\mapper105.cpp">
      <Filter>Source Files\Mapper Source Files</Filter>
    </ClCompile>
    <ClCompile Include="..\src\iNES\MMC1-based\mapper155.cpp">
      <Filter>Source Files\Mapper Source Files</Filter>
    </ClCompile>
    <ClCompile Include="..\src\iNES\MMC1-based\mapper297.cpp">
      <Filter>Source Files\Mapper Source Files</Filter>
    </ClCompile>
    <ClCompile Include="..\src\iNES\MMC3-based\mapper012.cpp">
      <Filter>Source Files\Mapper Source Files</Filter>
    </ClCompile>
    <ClCompile Include="..\src\iNES\MMC3-based\mapper037.cpp">
      <Filter>Source Files\Mapper Source Files</Filter>
    </ClCompile>
    <ClCompile Include="..\src\iNES\MMC3-based\mapper049.cpp">
      <Filter>Source Files\Mapper Source Files</Filter>
    </ClCompile>
    <ClCompile Include="..\src\iNES\MMC3-based\mapper044.cpp">
      <Filter>Source Files\Mapper Source Files</Filter>
    </ClCompile>
    <ClCompile Include="..\src\iNES\MMC3-based\mapper045.cpp">
      <Filter>Source Files\Mapper Source Files</Filter>
    </ClCompile>
    <ClCompile Include="..\src\iNES\MMC3-based\mapper047.cpp">
      <Filter>Source Files\Mapper Source Files</Filter>
    </ClCompile>
    <ClCompile Include="..\src\iNES\mapper122.cpp">
      <Filter>Source Files\Mapper Source Files</Filter>
    </ClCompile>
    <ClCompile Include="..\src\iNES\MMC3-based\mapper052.cpp">
      <Filter>Source Files\Mapper Source Files</Filter>
    </ClCompile>
    <ClCompile Include="..\src\iNES\MMC3-based\mapper074.cpp">
      <Filter>Source Files\Mapper Source Files</Filter>
    </ClCompile>
    <ClCompile Include="..\src\iNES\MMC3-based\mapper100.cpp">
      <Filter>Source Files\Mapper Source Files</Filter>
    </ClCompile>
    <ClCompile Include="..\src\iNES\MMC3-based\mapper114.cpp">
      <Filter>Source Files\Mapper Source Files</Filter>
    </ClCompile>
    <ClCompile Include="..\src\iNES\MMC3-based\mapper115.cpp">
      <Filter>Source Files\Mapper Source Files</Filter>
    </ClCompile>
    <ClCompile Include="..\src\iNES\MMC3-based\mapper118.cpp">
      <Filter>Source Files\Mapper Source Files</Filter>
    </ClCompile>
    <ClCompile Include="..\src\iNES\MMC3-based\mapper119.cpp">
      <Filter>Source Files\Mapper Source Files</Filter>
    </ClCompile>
    <ClCompile Include="..\src\iNES\MMC3-based\mapper121.cpp">
      <Filter>Source Files\Mapper Source Files</Filter>
    </ClCompile>
    <ClCompile Include="..\src\iNES\MMC3-based\mapper123.cpp">
      <Filter>Source Files\Mapper Source Files</Filter>
    </ClCompile>
    <ClCompile Include="..\src\iNES\MMC3-based\mapper134.cpp">
      <Filter>Source Files\Mapper Source Files</Filter>
    </ClCompile>
    <ClCompile Include="..\src\iNES\MMC3-based\mapper165.cpp">
      <Filter>Source Files\Mapper Source Files</Filter>
    </ClCompile>
    <ClCompile Include="..\src\iNES\MMC3-based\mapper187.cpp">
      <Filter>Source Files\Mapper Source Files</Filter>
    </ClCompile>
    <ClCompile Include="..\src\iNES\MMC3-based\mapper189.cpp">
      <Filter>Source Files\Mapper Source Files</Filter>
    </ClCompile>
    <ClCompile Include="..\src\iNES\MMC3-based\mapper191.cpp">
      <Filter>Source Files\Mapper Source Files</Filter>
    </ClCompile>
    <ClCompile Include="..\src\iNES\MMC3-based\mapper192.cpp">
      <Filter>Source Files\Mapper Source Files</Filter>
    </ClCompile>
    <ClCompile Include="..\src\iNES\MMC3-based\mapper194.cpp">
      <Filter>Source Files\Mapper Source Files</Filter>
    </ClCompile>
    <ClCompile Include="..\src\iNES\MMC3-based\mapper195.cpp">
      <Filter>Source Files\Mapper Source Files</Filter>
    </ClCompile>
    <ClCompile Include="..\src\iNES\MMC3-based\mapper196.cpp">
      <Filter>Source Files\Mapper Source Files</Filter>
    </ClCompile>
    <ClCompile Include="..\src\iNES\MMC3-based\mapper197.cpp">
      <Filter>Source Files\Mapper Source Files</Filter>
    </ClCompile>
    <ClCompile Include="..\src\iNES\MMC3-based\mapper198.cpp">
      <Filter>Source Files\Mapper Source Files</Filter>
    </ClCompile>
    <ClCompile Include="..\src\iNES\MMC3-based\mapper199.cpp">
      <Filter>Source Files\Mapper Source Files</Filter>
    </ClCompile>
    <ClCompile Include="..\src\iNES\MMC3-based\mapper205.cpp">
      <Filter>Source Files\Mapper Source Files</Filter>
    </ClCompile>
    <ClCompile Include="..\src\iNES\MMC3-based\mapper208.cpp">
      <Filter>Source Files\Mapper Source Files</Filter>
    </ClCompile>
    <ClCompile Include="..\src\iNES\multi-ASIC\mapper116.cpp">
      <Filter>Source Files\Mapper Source Files</Filter>
    </ClCompile>
    <ClCompile Include="..\src\iNES\multi-ASIC\mapper124.cpp">
      <Filter>Source Files\Mapper Source Files</Filter>
    </ClCompile>
    <ClCompile Include="..\src\iNES\multi-ASIC\mapper014.cpp">
      <Filter>Source Files\Mapper Source Files</Filter>
    </ClCompile>
    <ClCompile Include="..\src\iNES\MMC3-based\mapper254.cpp">
      <Filter>Source Files\Mapper Source Files</Filter>
    </ClCompile>
    <ClCompile Include="..\src\iNES\MMC3-based\mapper219.cpp">
      <Filter>Source Files\Mapper Source Files</Filter>
    </ClCompile>
    <ClCompile Include="..\src\iNES\MMC3-based\mapper238.cpp">
      <Filter>Source Files\Mapper Source Files</Filter>
    </ClCompile>
    <ClCompile Include="..\src\iNES\MMC3-based\mapper245.cpp">
      <Filter>Source Files\Mapper Source Files</Filter>
    </ClCompile>
    <ClCompile Include="..\src\iNES\MMC3-based\mapper249.cpp">
      <Filter>Source Files\Mapper Source Files</Filter>
    </ClCompile>
    <ClCompile Include="..\src\iNES\MMC3-based\mapper250.cpp">
      <Filter>Source Files\Mapper Source Files</Filter>
    </ClCompile>
    <ClCompile Include="..\src\iNES\VRC-based\mapper025.cpp">
      <Filter>Source Files\Mapper Source Files</Filter>
    </ClCompile>
    <ClCompile Include="..\src\iNES\VRC-based\mapper026.cpp">
      <Filter>Source Files\Mapper Source Files</Filter>
    </ClCompile>
    <ClCompile Include="..\src\iNES\VRC-based\mapper073.cpp">
      <Filter>Source Files\Mapper Source Files</Filter>
    </ClCompile>
    <ClCompile Include="..\src\iNES\VRC-based\mapper075.cpp">
      <Filter>Source Files\Mapper Source Files</Filter>
    </ClCompile>
    <ClCompile Include="..\src\iNES\VRC-based\mapper085.cpp">
      <Filter>Source Files\Mapper Source Files</Filter>
    </ClCompile>
    <ClCompile Include="..\src\iNES\VRC-based\mapper021.cpp">
      <Filter>Source Files\Mapper Source Files</Filter>
    </ClCompile>
    <ClCompile Include="..\src\iNES\VRC-based\mapper022.cpp">
      <Filter>Source Files\Mapper Source Files</Filter>
    </ClCompile>
    <ClCompile Include="..\src\iNES\VRC-based\mapper023.cpp">
      <Filter>Source Files\Mapper Source Files</Filter>
    </ClCompile>
    <ClCompile Include="..\src\iNES\VRC-based\mapper024.cpp">
      <Filter>Source Files\Mapper Source Files</Filter>
    </ClCompile>
    <ClCompile Include="..\src\iNES\MMC3-based\mapper224.cpp">
      <Filter>Source Files\Mapper Source Files</Filter>
    </ClCompile>
    <ClCompile Include="..\src\iNES\FDS conversions\mapper040.cpp">
      <Filter>Source Files\Mapper Source Files</Filter>
    </ClCompile>
    <ClCompile Include="..\src\iNES\FDS conversions\mapper042.cpp">
      <Filter>Source Files\Mapper Source Files</Filter>
    </ClCompile>
    <ClCompile Include="..\src\iNES\FDS conversions\mapper043.cpp">
      <Filter>Source Files\Mapper Source Files</Filter>
    </ClCompile>
    <ClCompile Include="..\src\iNES\FDS conversions\mapper050.cpp">
      <Filter>Source Files\Mapper Source Files</Filter>
    </ClCompile>
    <ClCompile Include="..\src\iNES\FDS conversions\mapper103.cpp">
      <Filter>Source Files\Mapper Source Files</Filter>
    </ClCompile>
    <ClCompile Include="..\src\iNES\FDS conversions\mapper108.cpp">
      <Filter>Source Files\Mapper Source Files</Filter>
    </ClCompile>
    <ClCompile Include="..\src\iNES\FDS conversions\mapper120.cpp">
      <Filter>Source Files\Mapper Source Files</Filter>
    </ClCompile>
    <ClCompile Include="..\src\iNES\FDS conversions\mapper125.cpp">
      <Filter>Source Files\Mapper Source Files</Filter>
    </ClCompile>
    <ClCompile Include="..\src\iNES\FDS conversions\mapper142.cpp">
      <Filter>Source Files\Mapper Source Files</Filter>
    </ClCompile>
    <ClCompile Include="..\src\iNES\Jingtai\mapper295.cpp">
      <Filter>Source Files\Mapper Source Files</Filter>
    </ClCompile>
    <ClCompile Include="..\src\iNES\Jingtai\mapper035.cpp">
      <Filter>Source Files\Mapper Source Files</Filter>
    </ClCompile>
    <ClCompile Include="..\src\iNES\Jingtai\mapper090.cpp">
      <Filter>Source Files\Mapper Source Files</Filter>
    </ClCompile>
    <ClCompile Include="..\src\iNES\Jingtai\mapper091.cpp">
      <Filter>Source Files\Mapper Source Files</Filter>
    </ClCompile>
    <ClCompile Include="..\src\iNES\Jingtai\mapper209.cpp">
      <Filter>Source Files\Mapper Source Files</Filter>
    </ClCompile>
    <ClCompile Include="..\src\iNES\Jingtai\mapper211.cpp">
      <Filter>Source Files\Mapper Source Files</Filter>
    </ClCompile>
    <ClCompile Include="..\src\iNES\multicart address latch\mapper058.cpp">
      <Filter>Source Files\Mapper Source Files</Filter>
    </ClCompile>
    <ClCompile Include="..\src\iNES\multicart address latch\mapper059.cpp">
      <Filter>Source Files\Mapper Source Files</Filter>
    </ClCompile>
    <ClCompile Include="..\src\iNES\multicart address latch\mapper061.cpp">
      <Filter>Source Files\Mapper Source Files</Filter>
    </ClCompile>
    <ClCompile Include="..\src\iNES\multicart address latch\mapper063.cpp">
      <Filter>Source Files\Mapper Source Files</Filter>
    </ClCompile>
    <ClCompile Include="..\src\iNES\multicart address latch\mapper174.cpp">
      <Filter>Source Files\Mapper Source Files</Filter>
    </ClCompile>
    <ClCompile Include="..\src\iNES\multicart address latch\mapper204.cpp">
      <Filter>Source Files\Mapper Source Files</Filter>
    </ClCompile>
    <ClCompile Include="..\src\iNES\multicart address latch\mapper200.cpp">
      <Filter>Source Files\Mapper Source Files</Filter>
    </ClCompile>
    <ClCompile Include="..\src\iNES\multicart address latch\mapper201.cpp">
      <Filter>Source Files\Mapper Source Files</Filter>
    </ClCompile>
    <ClCompile Include="..\src\iNES\multicart address latch\mapper202.cpp">
      <Filter>Source Files\Mapper Source Files</Filter>
    </ClCompile>
    <ClCompile Include="..\src\iNES\multicart address latch\mapper212.cpp">
      <Filter>Source Files\Mapper Source Files</Filter>
    </ClCompile>
    <ClCompile Include="..\src\iNES\multicart address latch\mapper213.cpp">
      <Filter>Source Files\Mapper Source Files</Filter>
    </ClCompile>
    <ClCompile Include="..\src\iNES\multicart address latch\mapper214.cpp">
      <Filter>Source Files\Mapper Source Files</Filter>
    </ClCompile>
    <ClCompile Include="..\src\iNES\multicart address latch\mapper217.cpp">
      <Filter>Source Files\Mapper Source Files</Filter>
    </ClCompile>
    <ClCompile Include="..\src\iNES\multicart address latch\mapper227.cpp">
      <Filter>Source Files\Mapper Source Files</Filter>
    </ClCompile>
    <ClCompile Include="..\src\iNES\multicart address latch\mapper229.cpp">
      <Filter>Source Files\Mapper Source Files</Filter>
    </ClCompile>
    <ClCompile Include="..\src\iNES\multicart address latch\mapper231.cpp">
      <Filter>Source Files\Mapper Source Files</Filter>
    </ClCompile>
    <ClCompile Include="..\src\iNES\multicart address latch\mapper242.cpp">
      <Filter>Source Files\Mapper Source Files</Filter>
    </ClCompile>
    <ClCompile Include="..\src\iNES\multicart data latch\mapper203.cpp">
      <Filter>Source Files\Mapper Source Files</Filter>
    </ClCompile>
    <ClCompile Include="..\src\iNES\MMC3-based\mapper126.cpp">
      <Filter>Source Files\Mapper Source Files</Filter>
    </ClCompile>
    <ClCompile Include="..\src\iNES\MMC3-based\mapper182.cpp">
      <Filter>Source Files\Mapper Source Files</Filter>
    </ClCompile>
    <ClCompile Include="..\src\iNES\VRC-based\mapper222.cpp">
      <Filter>Source Files\Mapper Source Files</Filter>
    </ClCompile>
    <ClCompile Include="..\src\iNES\VRC-based\mapper183.cpp">
      <Filter>Source Files\Mapper Source Files</Filter>
    </ClCompile>
    <ClCompile Include="..\src\iNES\MMC3-based\mapper473.cpp">
      <Filter>Source Files\Mapper Source Files</Filter>
    </ClCompile>
    <ClCompile Include="..\src\iNES\MMC1-based\mapper461.cpp">
      <Filter>Source Files\Mapper Source Files</Filter>
    </ClCompile>
    <ClCompile Include="..\src\iNES\MMC3-based\mapper474.cpp">
      <Filter>Source Files\Mapper Source Files</Filter>
    </ClCompile>
    <ClCompile Include="..\src\iNES\MMC3-based\mapper475.cpp">
      <Filter>Source Files\Mapper Source Files</Filter>
    </ClCompile>
    <ClCompile Include="..\src\Hardware\h_H3001.cpp">
      <Filter>Source Files\Hardware Source Files</Filter>
    </ClCompile>
    <ClCompile Include="..\src\Hardware\h_VRC1.cpp">
      <Filter>Source Files\Hardware Source Files</Filter>
    </ClCompile>
    <ClCompile Include="..\src\Hardware\h_VRC3.cpp">
      <Filter>Source Files\Hardware Source Files</Filter>
    </ClCompile>
    <ClCompile Include="..\src\Hardware\Sound\s_LPC10.cpp">
      <Filter>Source Files\Hardware Source Files</Filter>
    </ClCompile>
    <ClCompile Include="..\src\iNES\MMC3-based\mapper484.cpp">
      <Filter>Source Files\Mapper Source Files</Filter>
    </ClCompile>
    <ClCompile Include="..\src\iNES\multicart address latch\mapper488.cpp">
      <Filter>Source Files\Mapper Source Files</Filter>
    </ClCompile>
    <ClCompile Include="..\src\Hardware\Sound\s_MP3.cpp">
      <Filter>Source Files\Sound Source Files</Filter>
    </ClCompile>
    <ClCompile Include="..\src\iNES\multicart data latch\mapper489.cpp">
      <Filter>Source Files\Mapper Source Files</Filter>
    </ClCompile>
    <ClCompile Include="..\src\iNES\MMC3-based\mapper490.cpp">
      <Filter>Source Files\Mapper Source Files</Filter>
    </ClCompile>
    <ClCompile Include="..\src\iNES\multicart address latch\mapper492.cpp">
      <Filter>Source Files\Mapper Source Files</Filter>
    </ClCompile>
    <ClCompile Include="..\src\iNES\multicart address latch\mapper494.cpp">
      <Filter>Source Files\Mapper Source Files</Filter>
    </ClCompile>
    <ClCompile Include="..\src\iNES\VRC-based\mapper565.cpp">
      <Filter>Source Files\Mapper Source Files</Filter>
    </ClCompile>
    <ClCompile Include="..\src\iNES\VRC-based\mapper273.cpp">
      <Filter>Source Files\Mapper Source Files</Filter>
    </ClCompile>
    <ClCompile Include="..\src\iNES\mapper495.cpp">
      <Filter>Source Files\Mapper Source Files</Filter>
    </ClCompile>
    <ClCompile Include="..\src\iNES\OneBus\mapper496.cpp">
      <Filter>Source Files\Mapper Source Files</Filter>
    </ClCompile>
    <ClCompile Include="..\src\Hardware\h_ParallelDevice.cpp">
      <Filter>Source Files\Hardware Source Files</Filter>
    </ClCompile>
    <ClCompile Include="..\src\iNES\mapper497.cpp">
      <Filter>Source Files\Mapper Source Files</Filter>
    </ClCompile>
    <ClCompile Include="..\src\Hardware\Sound\sinc.cpp">
      <Filter>Source Files\Sound Source Files</Filter>
    </ClCompile>
    <ClCompile Include="..\src\iNES\MMC3-based\mapper004.cpp">
      <Filter>Source Files\Mapper Source Files</Filter>
    </ClCompile>
    <ClCompile Include="..\src\iNES\MMC3-based\mapper169.cpp">
      <Filter>Source Files\Mapper Source Files</Filter>
    </ClCompile>
    <ClCompile Include="..\src\iNES\multi-ASIC\mapper445.cpp">
      <Filter>Source Files\Mapper Source Files</Filter>
    </ClCompile>
    <ClCompile Include="..\src\iNES\mapper476.cpp">
      <Filter>Source Files\Mapper Source Files</Filter>
    </ClCompile>
    <ClCompile Include="..\src\iNES\multicart data latch\mapper477.cpp">
      <Filter>Source Files\Mapper Source Files</Filter>
    </ClCompile>
    <ClCompile Include="..\src\iNES\MMC3-based\mapper478.cpp">
      <Filter>Source Files\Mapper Source Files</Filter>
    </ClCompile>
    <ClCompile Include="..\src\iNES\MMC3-based\mapper479.cpp">
      <Filter>Source Files\Mapper Source Files</Filter>
    </ClCompile>
    <ClCompile Include="..\src\iNES\MMC3-based\mapper480.cpp">
      <Filter>Source Files\Mapper Source Files</Filter>
    </ClCompile>
    <ClCompile Include="..\src\iNES\multicart data latch\mapper481.cpp">
      <Filter>Source Files\Mapper Source Files</Filter>
    </ClCompile>
    <ClCompile Include="..\src\iNES\multicart data latch\mapper482.cpp">
      <Filter>Source Files\Mapper Source Files</Filter>
    </ClCompile>
    <ClCompile Include="..\src\iNES\mapper486.cpp">
      <Filter>Source Files\Mapper Source Files</Filter>
    </ClCompile>
    <ClCompile Include="..\src\iNES\MMC1-based\mapper498.cpp">
      <Filter>Source Files\Mapper Source Files</Filter>
    </ClCompile>
    <ClCompile Include="..\src\iNES\MMC1-based\mapper499.cpp">
      <Filter>Source Files\Mapper Source Files</Filter>
    </ClCompile>
    <ClCompile Include="..\src\iNES\MMC3-based\mapper503.cpp">
      <Filter>Source Files\Mapper Source Files</Filter>
    </ClCompile>
    <ClCompile Include="..\src\iNES\MMC3-based\mapper504.cpp">
      <Filter>Source Files\Mapper Source Files</Filter>
    </ClCompile>
    <ClCompile Include="..\src\iNES\MMC3-based\mapper505.cpp">
      <Filter>Source Files\Mapper Source Files</Filter>
    </ClCompile>
    <ClCompile Include="..\src\iNES\MMC3-based\mapper506.cpp">
      <Filter>Source Files\Mapper Source Files</Filter>
    </ClCompile>
    <ClCompile Include="..\src\iNES\MMC3-based\mapper507.cpp">
      <Filter>Source Files\Mapper Source Files</Filter>
    </ClCompile>
    <ClCompile Include="..\src\iNES\MMC3-based\mapper508.cpp">
      <Filter>Source Files\Mapper Source Files</Filter>
    </ClCompile>
    <ClCompile Include="..\src\iNES\MMC3-based\mapper509.cpp">
      <Filter>Source Files\Mapper Source Files</Filter>
    </ClCompile>
    <ClCompile Include="..\src\iNES\MMC3-based\mapper510.cpp">
      <Filter>Source Files\Mapper Source Files</Filter>
    </ClCompile>
    <ClCompile Include="..\src\iNES\MMC3-based\mapper511.cpp">
      <Filter>Source Files\Mapper Source Files</Filter>
    </ClCompile>
    <ClCompile Include="..\src\iNES\MMC3-based\mapper536.cpp">
      <Filter>Source Files\Mapper Source Files</Filter>
    </ClCompile>
    <ClCompile Include="..\src\iNES\MMC3-based\mapper537.cpp">
      <Filter>Source Files\Mapper Source Files</Filter>
    </ClCompile>
    <ClCompile Include="..\src\iNES\MMC3-based\mapper566.cpp">
      <Filter>Source Files\Mapper Source Files</Filter>
    </ClCompile>
    <ClCompile Include="..\src\iNES\MMC3-based\mapper567.cpp">
      <Filter>Source Files\Mapper Source Files</Filter>
    </ClCompile>
    <ClCompile Include="..\src\iNES\MMC3-based\mapper568.cpp">
      <Filter>Source Files\Mapper Source Files</Filter>
    </ClCompile>
    <ClCompile Include="..\src\iNES\MMC3-based\mapper569.cpp">
      <Filter>Source Files\Mapper Source Files</Filter>
    </ClCompile>
    <ClCompile Include="..\src\iNES\VRC-based\mapper570.cpp">
      <Filter>Source Files\Mapper Source Files</Filter>
    </ClCompile>
    <ClCompile Include="..\src\iNES\VRC-based\mapper571.cpp">
      <Filter>Source Files\Mapper Source Files</Filter>
    </ClCompile>
    <ClCompile Include="..\src\iNES\mapper767.cpp">
      <Filter>Source Files\Mapper Source Files</Filter>
    </ClCompile>
    <ClCompile Include="..\src\iNES\MMC1-based\mapper483.cpp">
      <Filter>Source Files\Mapper Source Files</Filter>
    </ClCompile>
    <ClCompile Include="..\src\iNES\MMC3-based\mapper572.cpp">
      <Filter>Source Files\Mapper Source Files</Filter>
    </ClCompile>
    <ClCompile Include="..\src\iNES\multicart address latch\mapper575.cpp">
      <Filter>Source Files\Mapper Source Files</Filter>
    </ClCompile>
    <ClCompile Include="..\src\iNES\multicart address latch\mapper239.cpp">
      <Filter>Source Files\Mapper Source Files</Filter>
    </ClCompile>
    <ClCompile Include="..\src\iNES\multicart address latch\mapper576.cpp">
      <Filter>Source Files\Mapper Source Files</Filter>
    </ClCompile>
    <ClCompile Include="..\src\iNES\multicart address latch\mapper577.cpp">
      <Filter>Source Files\Mapper Source Files</Filter>
    </ClCompile>
    <ClCompile Include="..\src\iNES\MMC3-based\mapper578.cpp">
      <Filter>Source Files\Mapper Source Files</Filter>
    </ClCompile>
    <ClCompile Include="..\src\iNES\multicart address latch\mapper580.cpp">
      <Filter>Source Files\Mapper Source Files</Filter>
    </ClCompile>
    <ClCompile Include="..\src\iNES\multicart address latch\mapper581.cpp">
      <Filter>Source Files\Mapper Source Files</Filter>
    </ClCompile>
    <ClCompile Include="..\src\iNES\mapper582.cpp">
      <Filter>Source Files\Mapper Source Files</Filter>
    </ClCompile>
    <ClCompile Include="..\src\iNES\MMC3-based\mapper321.cpp">
      <Filter>Source Files\Mapper Source Files</Filter>
    </ClCompile>
    <ClCompile Include="..\src\iNES\multicart mixed latch\mapper354.cpp">
      <Filter>Source Files\Mapper Source Files</Filter>
    </ClCompile>
    <ClCompile Include="..\src\iNES\multicart mixed latch\mapper363.cpp">
      <Filter>Source Files\Mapper Source Files</Filter>
    </ClCompile>
    <ClCompile Include="..\src\iNES\multicart mixed latch\mapper375.cpp">
      <Filter>Source Files\Mapper Source Files</Filter>
    </ClCompile>
    <ClCompile Include="..\src\iNES\multicart mixed latch\mapper382.cpp">
      <Filter>Source Files\Mapper Source Files</Filter>
    </ClCompile>
    <ClCompile Include="..\src\iNES\multicart mixed latch\mapper414.cpp">
      <Filter>Source Files\Mapper Source Files</Filter>
    </ClCompile>
    <ClCompile Include="..\src\iNES\multicart mixed latch\mapper438.cpp">
      <Filter>Source Files\Mapper Source Files</Filter>
    </ClCompile>
    <ClCompile Include="..\src\iNES\multicart mixed latch\mapper449.cpp">
      <Filter>Source Files\Mapper Source Files</Filter>
    </ClCompile>
    <ClCompile Include="..\src\iNES\multicart mixed latch\mapper452.cpp">
      <Filter>Source Files\Mapper Source Files</Filter>
    </ClCompile>
    <ClCompile Include="..\src\iNES\multicart mixed latch\mapper454.cpp">
      <Filter>Source Files\Mapper Source Files</Filter>
    </ClCompile>
    <ClCompile Include="..\src\iNES\multicart mixed latch\mapper465.cpp">
      <Filter>Source Files\Mapper Source Files</Filter>
    </ClCompile>
    <ClCompile Include="..\src\iNES\multicart mixed latch\mapper491.cpp">
      <Filter>Source Files\Mapper Source Files</Filter>
    </ClCompile>
    <ClCompile Include="..\src\iNES\multicart mixed latch\mapper519.cpp">
      <Filter>Source Files\Mapper Source Files</Filter>
    </ClCompile>
    <ClCompile Include="..\src\iNES\multicart mixed latch\mapper573.cpp">
      <Filter>Source Files\Mapper Source Files</Filter>
    </ClCompile>
    <ClCompile Include="..\src\iNES\multicart mixed latch\mapper574.cpp">
      <Filter>Source Files\Mapper Source Files</Filter>
    </ClCompile>
    <ClCompile Include="..\src\iNES\multicart mixed latch\mapper579.cpp">
      <Filter>Source Files\Mapper Source Files</Filter>
    </ClCompile>
    <ClCompile Include="..\src\iNES\multicart mixed latch\mapper583.cpp">
      <Filter>Source Files\Mapper Source Files</Filter>
    </ClCompile>
    <ClCompile Include="..\src\iNES\multicart mixed latch\mapper015.cpp">
      <Filter>Source Files\Mapper Source Files</Filter>
    </ClCompile>
    <ClCompile Include="..\src\iNES\multicart mixed latch\mapper062.cpp">
      <Filter>Source Files\Mapper Source Files</Filter>
    </ClCompile>
    <ClCompile Include="..\src\iNES\multicart mixed latch\mapper228.cpp">
      <Filter>Source Files\Mapper Source Files</Filter>
    </ClCompile>
    <ClCompile Include="..\src\iNES\multicart mixed latch\mapper237.cpp">
      <Filter>Source Files\Mapper Source Files</Filter>
    </ClCompile>
    <ClCompile Include="..\src\iNES\multicart mixed latch\mapper265.cpp">
      <Filter>Source Files\Mapper Source Files</Filter>
    </ClCompile>
    <ClCompile Include="..\src\iNES\multicart mixed latch\mapper280.cpp">
      <Filter>Source Files\Mapper Source Files</Filter>
    </ClCompile>
    <ClCompile Include="..\src\iNES\multicart mixed latch\mapper320.cpp">
      <Filter>Source Files\Mapper Source Files</Filter>
    </ClCompile>
    <ClCompile Include="..\src\iNES\multicart multiple regs\mapper470.cpp">
      <Filter>Source Files\Mapper Source Files</Filter>
    </ClCompile>
    <ClCompile Include="..\src\iNES\multicart multiple regs\mapper485.cpp">
      <Filter>Source Files\Mapper Source Files</Filter>
    </ClCompile>
    <ClCompile Include="..\src\iNES\multicart multiple regs\mapper487.cpp">
      <Filter>Source Files\Mapper Source Files</Filter>
    </ClCompile>
    <ClCompile Include="..\src\iNES\multicart multiple regs\mapper493.cpp">
      <Filter>Source Files\Mapper Source Files</Filter>
    </ClCompile>
    <ClCompile Include="..\src\iNES\multicart multiple regs\mapper500.cpp">
      <Filter>Source Files\Mapper Source Files</Filter>
    </ClCompile>
    <ClCompile Include="..\src\iNES\multicart multiple regs\mapper501.cpp">
      <Filter>Source Files\Mapper Source Files</Filter>
    </ClCompile>
    <ClCompile Include="..\src\iNES\multicart multiple regs\mapper502.cpp">
      <Filter>Source Files\Mapper Source Files</Filter>
    </ClCompile>
    <ClCompile Include="..\src\iNES\multicart multiple regs\mapper528.cpp">
      <Filter>Source Files\Mapper Source Files</Filter>
    </ClCompile>
    <ClCompile Include="..\src\iNES\multicart multiple regs\mapper540.cpp">
      <Filter>Source Files\Mapper Source Files</Filter>
    </ClCompile>
    <ClCompile Include="..\src\iNES\multicart multiple regs\mapper584.cpp">
      <Filter>Source Files\Mapper Source Files</Filter>
    </ClCompile>
    <ClCompile Include="..\src\iNES\multicart multiple regs\mapper028.cpp">
      <Filter>Source Files\Mapper Source Files</Filter>
    </ClCompile>
    <ClCompile Include="..\src\iNES\multicart multiple regs\mapper041.cpp">
      <Filter>Source Files\Mapper Source Files</Filter>
    </ClCompile>
    <ClCompile Include="..\src\iNES\multicart multiple regs\mapper046.cpp">
      <Filter>Source Files\Mapper Source Files</Filter>
    </ClCompile>
    <ClCompile Include="..\src\iNES\multicart multiple regs\mapper051.cpp">
      <Filter>Source Files\Mapper Source Files</Filter>
    </ClCompile>
    <ClCompile Include="..\src\iNES\multicart multiple regs\mapper053.cpp">
      <Filter>Source Files\Mapper Source Files</Filter>
    </ClCompile>
    <ClCompile Include="..\src\iNES\multicart multiple regs\mapper057.cpp">
      <Filter>Source Files\Mapper Source Files</Filter>
    </ClCompile>
    <ClCompile Include="..\src\iNES\multicart multiple regs\mapper060.cpp">
      <Filter>Source Files\Mapper Source Files</Filter>
    </ClCompile>
    <ClCompile Include="..\src\iNES\multicart multiple regs\mapper104.cpp">
      <Filter>Source Files\Mapper Source Files</Filter>
    </ClCompile>
    <ClCompile Include="..\src\iNES\multicart multiple regs\mapper128.cpp">
      <Filter>Source Files\Mapper Source Files</Filter>
    </ClCompile>
    <ClCompile Include="..\src\iNES\multicart multiple regs\mapper175.cpp">
      <Filter>Source Files\Mapper Source Files</Filter>
    </ClCompile>
    <ClCompile Include="..\src\iNES\multicart multiple regs\mapper221.cpp">
      <Filter>Source Files\Mapper Source Files</Filter>
    </ClCompile>
    <ClCompile Include="..\src\iNES\multicart multiple regs\mapper225.cpp">
      <Filter>Source Files\Mapper Source Files</Filter>
    </ClCompile>
    <ClCompile Include="..\src\iNES\multicart multiple regs\mapper226.cpp">
      <Filter>Source Files\Mapper Source Files</Filter>
    </ClCompile>
    <ClCompile Include="..\src\iNES\multicart multiple regs\mapper230.cpp">
      <Filter>Source Files\Mapper Source Files</Filter>
    </ClCompile>
    <ClCompile Include="..\src\iNES\multicart multiple regs\mapper232.cpp">
      <Filter>Source Files\Mapper Source Files</Filter>
    </ClCompile>
    <ClCompile Include="..\src\iNES\multicart multiple regs\mapper233.cpp">
      <Filter>Source Files\Mapper Source Files</Filter>
    </ClCompile>
    <ClCompile Include="..\src\iNES\multicart multiple regs\mapper234.cpp">
      <Filter>Source Files\Mapper Source Files</Filter>
    </ClCompile>
    <ClCompile Include="..\src\iNES\multicart multiple regs\mapper235.cpp">
      <Filter>Source Files\Mapper Source Files</Filter>
    </ClCompile>
    <ClCompile Include="..\src\iNES\multicart multiple regs\mapper236.cpp">
      <Filter>Source Files\Mapper Source Files</Filter>
    </ClCompile>
    <ClCompile Include="..\src\iNES\multicart multiple regs\mapper274.cpp">
      <Filter>Source Files\Mapper Source Files</Filter>
    </ClCompile>
    <ClCompile Include="..\src\iNES\multicart multiple regs\mapper286.cpp">
      <Filter>Source Files\Mapper Source Files</Filter>
    </ClCompile>
    <ClCompile Include="..\src\iNES\multicart multiple regs\mapper289.cpp">
      <Filter>Source Files\Mapper Source Files</Filter>
    </ClCompile>
    <ClCompile Include="..\src\iNES\multicart multiple regs\mapper293.cpp">
      <Filter>Source Files\Mapper Source Files</Filter>
    </ClCompile>
    <ClCompile Include="..\src\iNES\multicart multiple regs\mapper294.cpp">
      <Filter>Source Files\Mapper Source Files</Filter>
    </ClCompile>
    <ClCompile Include="..\src\iNES\multicart multiple regs\mapper310.cpp">
      <Filter>Source Files\Mapper Source Files</Filter>
    </ClCompile>
    <ClCompile Include="..\src\iNES\multicart multiple regs\mapper314.cpp">
      <Filter>Source Files\Mapper Source Files</Filter>
    </ClCompile>
    <ClCompile Include="..\src\iNES\multicart multiple regs\mapper319.cpp">
      <Filter>Source Files\Mapper Source Files</Filter>
    </ClCompile>
    <ClCompile Include="..\src\iNES\multicart multiple regs\mapper331.cpp">
      <Filter>Source Files\Mapper Source Files</Filter>
    </ClCompile>
    <ClCompile Include="..\src\iNES\multicart multiple regs\mapper332.cpp">
      <Filter>Source Files\Mapper Source Files</Filter>
    </ClCompile>
    <ClCompile Include="..\src\iNES\multicart multiple regs\mapper335.cpp">
      <Filter>Source Files\Mapper Source Files</Filter>
    </ClCompile>
    <ClCompile Include="..\src\iNES\multicart multiple regs\mapper337.cpp">
      <Filter>Source Files\Mapper Source Files</Filter>
    </ClCompile>
    <ClCompile Include="..\src\iNES\multicart multiple regs\mapper350.cpp">
      <Filter>Source Files\Mapper Source Files</Filter>
    </ClCompile>
    <ClCompile Include="..\src\iNES\multicart multiple regs\mapper352.cpp">
      <Filter>Source Files\Mapper Source Files</Filter>
    </ClCompile>
    <ClCompile Include="..\src\iNES\multicart multiple regs\mapper357.cpp">
      <Filter>Source Files\Mapper Source Files</Filter>
    </ClCompile>
    <ClCompile Include="..\src\iNES\multicart multiple regs\mapper359.cpp">
      <Filter>Source Files\Mapper Source Files</Filter>
    </ClCompile>
    <ClCompile Include="..\src\iNES\multicart multiple regs\mapper360.cpp">
      <Filter>Source Files\Mapper Source Files</Filter>
    </ClCompile>
    <ClCompile Include="..\src\iNES\multicart multiple regs\mapper381.cpp">
      <Filter>Source Files\Mapper Source Files</Filter>
    </ClCompile>
    <ClCompile Include="..\src\iNES\multicart multiple regs\mapper389.cpp">
      <Filter>Source Files\Mapper Source Files</Filter>
    </ClCompile>
    <ClCompile Include="..\src\iNES\multicart multiple regs\mapper390.cpp">
      <Filter>Source Files\Mapper Source Files</Filter>
    </ClCompile>
    <ClCompile Include="..\src\iNES\multicart multiple regs\mapper396.cpp">
      <Filter>Source Files\Mapper Source Files</Filter>
    </ClCompile>
    <ClCompile Include="..\src\iNES\multicart multiple regs\mapper400.cpp">
      <Filter>Source Files\Mapper Source Files</Filter>
    </ClCompile>
    <ClCompile Include="..\src\iNES\multicart multiple regs\mapper403.cpp">
      <Filter>Source Files\Mapper Source Files</Filter>
    </ClCompile>
    <ClCompile Include="..\src\iNES\multicart multiple regs\mapper416.cpp">
      <Filter>Source Files\Mapper Source Files</Filter>
    </ClCompile>
    <ClCompile Include="..\src\iNES\multicart multiple regs\mapper428.cpp">
      <Filter>Source Files\Mapper Source Files</Filter>
    </ClCompile>
    <ClCompile Include="..\src\iNES\multicart multiple regs\mapper431.cpp">
      <Filter>Source Files\Mapper Source Files</Filter>
    </ClCompile>
    <ClCompile Include="..\src\iNES\multicart multiple regs\mapper434.cpp">
      <Filter>Source Files\Mapper Source Files</Filter>
    </ClCompile>
    <ClCompile Include="..\src\iNES\multicart multiple regs\mapper437.cpp">
      <Filter>Source Files\Mapper Source Files</Filter>
    </ClCompile>
    <ClCompile Include="..\src\iNES\multicart multiple regs\mapper439.cpp">
      <Filter>Source Files\Mapper Source Files</Filter>
    </ClCompile>
    <ClCompile Include="..\src\iNES\multicart multiple regs\mapper462.cpp">
      <Filter>Source Files\Mapper Source Files</Filter>
    </ClCompile>
    <ClCompile Include="..\src\iNES\multicart multiple regs\mapper463.cpp">
      <Filter>Source Files\Mapper Source Files</Filter>
    </ClCompile>
    <ClCompile Include="..\src\iNES\multicart multiple regs\mapper466.cpp">
      <Filter>Source Files\Mapper Source Files</Filter>
    </ClCompile>
    <ClCompile Include="..\src\iNES\mapper440.cpp">
      <Filter>Source Files\Mapper Source Files</Filter>
    </ClCompile>
    <ClCompile Include="..\src\iNES\multicart address latch\mapper585.cpp">
      <Filter>Source Files\Mapper Source Files</Filter>
    </ClCompile>
    <ClCompile Include="..\src\iNES\multicart address latch\mapper586.cpp">
      <Filter>Source Files\Mapper Source Files</Filter>
    </ClCompile>
    <ClCompile Include="..\src\iNES\multicart multiple regs\mapper587.cpp">
      <Filter>Source Files\Mapper Source Files</Filter>
    </ClCompile>
    <ClCompile Include="..\src\iNES\multicart multiple regs\mapper588.cpp">
      <Filter>Source Files\Mapper Source Files</Filter>
    </ClCompile>
    <ClCompile Include="..\src\iNES\multicart mixed latch\mapper589.cpp">
      <Filter>Source Files\Mapper Source Files</Filter>
    </ClCompile>
    <ClCompile Include="..\src\iNES\multicart data latch\mapper590.cpp">
      <Filter>Source Files\Mapper Source Files</Filter>
    </ClCompile>
    <ClCompile Include="..\src\iNES\multicart address latch\mapper591.cpp">
      <Filter>Source Files\Mapper Source Files</Filter>
    </ClCompile>
    <ClCompile Include="..\src\iNES\multicart data latch\mapper592.cpp">
      <Filter>Source Files\Mapper Source Files</Filter>
    </ClCompile>
    <ClCompile Include="..\src\iNES\MMC3-based\mapper593.cpp">
      <Filter>Source Files\Mapper Source Files</Filter>
    </ClCompile>
    <ClCompile Include="..\src\iNES\MMC3-based\mapper594.cpp">
      <Filter>Source Files\Mapper Source Files</Filter>
    </ClCompile>
    <ClCompile Include="..\src\Hardware\h_FIFO.cpp">
      <Filter>Source Files\Hardware Source Files</Filter>
    </ClCompile>
    <ClCompile Include="..\src\Hardware\Sound\s_MSM6585.cpp">
      <Filter>Source Files\Hardware Source Files</Filter>
    </ClCompile>
  </ItemGroup>
  <ItemGroup>
    <ClInclude Include="..\src\interface.h">
      <Filter>Header Files</Filter>
    </ClInclude>
    <ClInclude Include="..\src\Hardware\h_FME7.h">
      <Filter>Header Files\Hardware Header Files</Filter>
    </ClInclude>
    <ClInclude Include="..\src\Hardware\h_Latch.h">
      <Filter>Header Files\Hardware Header Files</Filter>
    </ClInclude>
    <ClInclude Include="..\src\Hardware\h_MMC1.h">
      <Filter>Header Files\Hardware Header Files</Filter>
    </ClInclude>
    <ClInclude Include="..\src\Hardware\h_MMC2.h">
      <Filter>Header Files\Hardware Header Files</Filter>
    </ClInclude>
    <ClInclude Include="..\src\Hardware\h_MMC3.h">
      <Filter>Header Files\Hardware Header Files</Filter>
    </ClInclude>
    <ClInclude Include="..\src\Hardware\h_MMC4.h">
      <Filter>Header Files\Hardware Header Files</Filter>
    </ClInclude>
    <ClInclude Include="..\src\Hardware\h_MMC5.h">
      <Filter>Header Files\Hardware Header Files</Filter>
    </ClInclude>
    <ClInclude Include="..\src\Hardware\h_N118.h">
      <Filter>Header Files\Hardware Header Files</Filter>
    </ClInclude>
    <ClInclude Include="..\src\Hardware\Sound\s_MMC5.h">
      <Filter>Header Files\Sound Header Files</Filter>
    </ClInclude>
    <ClInclude Include="..\src\Hardware\Sound\s_N163.h">
      <Filter>Header Files\Sound Header Files</Filter>
    </ClInclude>
    <ClInclude Include="..\src\Hardware\Sound\s_SUN5.h">
      <Filter>Header Files\Sound Header Files</Filter>
    </ClInclude>
    <ClInclude Include="..\src\Hardware\Sound\s_VRC6.h">
      <Filter>Header Files\Sound Header Files</Filter>
    </ClInclude>
    <ClInclude Include="..\src\Hardware\Sound\s_VRC7.h">
      <Filter>Header Files\Sound Header Files</Filter>
    </ClInclude>
    <ClInclude Include="..\src\Dll\d_iNES.h">
      <Filter>Header Files\DLL Header Files</Filter>
    </ClInclude>
    <ClInclude Include="..\src\iNES\resource.h">
      <Filter>Resource Files</Filter>
    </ClInclude>
    <ClInclude Include="..\src\Hardware\h_OneBus.h">
      <Filter>Header Files\Hardware Header Files</Filter>
    </ClInclude>
    <ClInclude Include="..\src\Hardware\Sound\s_FDS.h">
      <Filter>Header Files\Sound Header Files</Filter>
    </ClInclude>
    <ClInclude Include="..\src\Hardware\Sound\Butterworth.h">
      <Filter>Header Files\Sound Header Files</Filter>
    </ClInclude>
    <ClInclude Include="..\src\Hardware\h_JV001.h">
      <Filter>Header Files\Hardware Header Files</Filter>
    </ClInclude>
    <ClInclude Include="..\src\Hardware\h_VRC6.h">
      <Filter>Header Files\Hardware Header Files</Filter>
    </ClInclude>
    <ClInclude Include="..\src\Hardware\h_JY.h">
      <Filter>Header Files\Hardware Header Files</Filter>
    </ClInclude>
    <ClInclude Include="..\src\Hardware\h_VRC7.h">
      <Filter>Header Files\Hardware Header Files</Filter>
    </ClInclude>
    <ClInclude Include="..\src\Hardware\h_FCG.h">
      <Filter>Header Files\Hardware Header Files</Filter>
    </ClInclude>
    <ClInclude Include="..\src\Hardware\h_EEPROM.h">
      <Filter>Header Files\Hardware Header Files</Filter>
    </ClInclude>
    <ClInclude Include="..\src\Hardware\Sound\s_hc55516.h">
      <Filter>Header Files\Sound Header Files</Filter>
    </ClInclude>
    <ClInclude Include="..\src\Hardware\simplefdc.hpp">
      <Filter>Header Files\Hardware Header Files</Filter>
    </ClInclude>
    <ClInclude Include="..\src\Hardware\Hash.h">
      <Filter>Header Files\Hardware Header Files</Filter>
    </ClInclude>
    <ClInclude Include="..\src\Hardware\h_TXCLatch.h">
      <Filter>Header Files\Hardware Header Files</Filter>
    </ClInclude>
    <ClInclude Include="..\src\Hardware\h_KS202.h">
      <Filter>Header Files\Hardware Header Files</Filter>
    </ClInclude>
    <ClInclude Include="..\src\Hardware\Sound\s_waveFile.h">
      <Filter>Header Files\Sound Header Files</Filter>
    </ClInclude>
    <ClInclude Include="..\src\Hardware\h_PIC16C5x.h">
      <Filter>Header Files\Hardware Header Files</Filter>
    </ClInclude>
    <ClInclude Include="..\src\Hardware\h_FlashROM.h">
      <Filter>Header Files\Hardware Header Files</Filter>
    </ClInclude>
    <ClInclude Include="..\src\Hardware\Sound\s_ADPCM3Bit.h">
      <Filter>Header Files\Sound Header Files</Filter>
    </ClInclude>
    <ClInclude Include="..\src\Hardware\h_SerialDevice.h">
      <Filter>Header Files\Hardware Header Files</Filter>
    </ClInclude>
    <ClInclude Include="..\src\Hardware\h_OneBus_GPIO.hpp">
      <Filter>Header Files\Hardware Header Files</Filter>
    </ClInclude>
    <ClInclude Include="..\src\Hardware\h_EEPROM_93Cx6.h">
      <Filter>Header Files\Hardware Header Files</Filter>
    </ClInclude>
    <ClInclude Include="..\src\Hardware\h_VRC24.h">
      <Filter>Header Files\Hardware Header Files</Filter>
    </ClInclude>
    <ClInclude Include="..\src\Hardware\Sound\s_upd7756.h">
      <Filter>Header Files\Sound Header Files</Filter>
    </ClInclude>
    <ClInclude Include="..\src\Hardware\h_VRC1.h">
      <Filter>Header Files\Hardware Header Files</Filter>
    </ClInclude>
    <ClInclude Include="..\src\Hardware\h_VRC3.h">
      <Filter>Header Files\Hardware Header Files</Filter>
    </ClInclude>
    <ClInclude Include="..\src\Hardware\Sound\s_LPC10.h">
      <Filter>Header Files\Hardware Header Files</Filter>
    </ClInclude>
    <ClInclude Include="..\src\Hardware\h_H3001.h">
      <Filter>Header Files\Hardware Header Files</Filter>
    </ClInclude>
    <ClInclude Include="..\src\Hardware\Sound\s_MP3.h">
      <Filter>Header Files\Sound Header Files</Filter>
    </ClInclude>
    <ClInclude Include="..\src\Hardware\Sound\minimp3.h">
      <Filter>Header Files\Sound Header Files</Filter>
    </ClInclude>
    <ClInclude Include="..\src\Hardware\Sound\minimp3_ex.h">
      <Filter>Header Files\Sound Header Files</Filter>
    </ClInclude>
    <ClInclude Include="..\src\Hardware\h_ParallelDevice.h">
      <Filter>Header Files\Hardware Header Files</Filter>
    </ClInclude>
    <ClInclude Include="..\src\Hardware\h_FIFO.hpp">
      <Filter>Header Files\Hardware Header Files</Filter>
    </ClInclude>
    <ClInclude Include="..\src\Hardware\Sound\s_MSM6585.hpp">
      <Filter>Header Files\Sound Header Files</Filter>
    </ClInclude>
  </ItemGroup>
  <ItemGroup>
    <ResourceCompile Include="..\src\iNES\iNES.rc">
      <Filter>Resource Files</Filter>
    </ResourceCompile>
  </ItemGroup>
</Project>