<?xml version="1.0" encoding="utf-8"?>
<Project ToolsVersion="4.0" xmlns="http://schemas.microsoft.com/developer/msbuild/2003">
  <ItemGroup>
    <Filter Include="Source Files">
      <UniqueIdentifier>{dc374dac-f782-4428-932b-d29b299b99f3}</UniqueIdentifier>
      <Extensions>cpp;c;cxx;rc;def;r;odl;idl;hpj;bat</Extensions>
    </Filter>
    <Filter Include="Source Files\Std Controllers">
      <UniqueIdentifier>{7f396059-9d42-4cca-8a32-c217f696901b}</UniqueIdentifier>
      <Extensions>cpp;c;cxx;rc;def;r;odl;idl;hpj;bat</Extensions>
    </Filter>
    <Filter Include="Source Files\Exp Controllers">
      <UniqueIdentifier>{ca0c380b-4b60-4cc8-bec9-0cb313e6e109}</UniqueIdentifier>
      <Extensions>cpp;c;cxx;rc;def;r;odl;idl;hpj;bat</Extensions>
    </Filter>
    <Filter Include="Header Files">
      <UniqueIdentifier>{3b260171-8f39-4eb7-8bcd-f7c647ef0ae4}</UniqueIdentifier>
      <Extensions>h;hpp;hxx;hm;inl</Extensions>
    </Filter>
    <Filter Include="Resource Files">
      <UniqueIdentifier>{b389444a-115a-4f8e-8769-062f29ad6d8c}</UniqueIdentifier>
      <Extensions>ico;cur;bmp;dlg;rc2;rct;bin;rgs;gif;jpg;jpeg;jpe</Extensions>
    </Filter>
  </ItemGroup>
  <ItemGroup>
    <ClCompile Include="..\src\APU.cpp">
      <Filter>Source Files</Filter>
    </ClCompile>
    <ClCompile Include="..\src\AVI.cpp">
      <Filter>Source Files</Filter>
    </ClCompile>
    <ClCompile Include="..\src\Controllers.cpp">
      <Filter>Source Files</Filter>
    </ClCompile>
    <ClCompile Include="..\src\CPU.cpp">
      <Filter>Source Files</Filter>
    </ClCompile>
    <ClCompile Include="..\src\Debugger.cpp">
      <Filter>Source Files</Filter>
    </ClCompile>
    <ClCompile Include="..\src\MapperInterface.cpp">
      <Filter>Source Files</Filter>
    </ClCompile>
    <ClCompile Include="..\src\Movie.cpp">
      <Filter>Source Files</Filter>
    </ClCompile>
    <ClCompile Include="..\src\NES.cpp">
      <Filter>Source Files</Filter>
    </ClCompile>
    <ClCompile Include="..\src\Nintendulator.cpp">
      <Filter>Source Files</Filter>
    </ClCompile>
    <ClCompile Include="..\src\PPU.cpp">
      <Filter>Source Files</Filter>
    </ClCompile>
    <ClCompile Include="..\src\States.cpp">
      <Filter>Source Files</Filter>
    </ClCompile>
    <ClCompile Include="..\src\c_s_arkpad.cpp">
      <Filter>Source Files\Std Controllers</Filter>
    </ClCompile>
    <ClCompile Include="..\src\c_s_fourscore.cpp">
      <Filter>Source Files\Std Controllers</Filter>
    </ClCompile>
    <ClCompile Include="..\src\c_s_snescont.cpp">
      <Filter>Source Files\Std Controllers</Filter>
    </ClCompile>
    <ClCompile Include="..\src\c_s_stdcont.cpp">
      <Filter>Source Files\Std Controllers</Filter>
    </ClCompile>
    <ClCompile Include="..\src\c_s_unconnected.cpp">
      <Filter>Source Files\Std Controllers</Filter>
    </ClCompile>
    <ClCompile Include="..\src\c_s_vszapper.cpp">
      <Filter>Source Files\Std Controllers</Filter>
    </ClCompile>
    <ClCompile Include="..\src\c_s_zapper.cpp">
      <Filter>Source Files\Std Controllers</Filter>
    </ClCompile>
    <ClCompile Include="..\src\c_e_arkpad.cpp">
      <Filter>Source Files\Exp Controllers</Filter>
    </ClCompile>
    <ClCompile Include="..\src\c_e_fam4play.cpp">
      <Filter>Source Files\Exp Controllers</Filter>
    </ClCompile>
    <ClCompile Include="..\src\c_e_tablet.cpp">
      <Filter>Source Files\Exp Controllers</Filter>
    </ClCompile>
    <ClCompile Include="..\src\c_e_unconnected.cpp">
      <Filter>Source Files\Exp Controllers</Filter>
    </ClCompile>
    <ClCompile Include="..\src\HeaderEdit.cpp">
      <Filter>Source Files</Filter>
    </ClCompile>
    <ClCompile Include="..\src\c_e_zapper.cpp">
      <Filter>Source Files\Exp Controllers</Filter>
    </ClCompile>
    <ClCompile Include="..\src\c_e_bandaihyper.cpp">
      <Filter>Source Files\Exp Controllers</Filter>
    </ClCompile>
    <ClCompile Include="..\src\c_e_famtraina.cpp">
      <Filter>Source Files\Exp Controllers</Filter>
    </ClCompile>
    <ClCompile Include="..\src\c_e_famtrainb.cpp">
      <Filter>Source Files\Exp Controllers</Filter>
    </ClCompile>
    <ClCompile Include="..\src\c_s_powpada.cpp">
      <Filter>Source Files\Std Controllers</Filter>
    </ClCompile>
    <ClCompile Include="..\src\c_s_powpadb.cpp">
      <Filter>Source Files\Std Controllers</Filter>
    </ClCompile>
    <ClCompile Include="..\src\Tape.cpp">
      <Filter>Source Files</Filter>
    </ClCompile>
    <ClCompile Include="..\src\c_e_turbofile.cpp">
      <Filter>Source Files\Exp Controllers</Filter>
    </ClCompile>
    <ClCompile Include="..\src\Sound.cpp">
      <Filter>Source Files</Filter>
    </ClCompile>
    <ClCompile Include="..\src\Settings.cpp">
      <Filter>Source Files</Filter>
    </ClCompile>
    <ClCompile Include="..\src\Filter.cpp">
      <Filter>Source Files</Filter>
    </ClCompile>
    <ClCompile Include="..\src\OneBus.cpp">
      <Filter>Source Files</Filter>
    </ClCompile>
    <ClCompile Include="..\src\DIPSwitch.cpp">
      <Filter>Source Files</Filter>
    </ClCompile>
    <ClCompile Include="..\src\plugThruDevice.cpp">
      <Filter>Source Files</Filter>
    </ClCompile>
    <ClCompile Include="..\src\plugThruDevice_GameGenie.cpp">
      <Filter>Source Files</Filter>
    </ClCompile>
    <ClCompile Include="..\src\plugThruDevice_ProActionReplay.cpp">
      <Filter>Source Files</Filter>
    </ClCompile>
    <ClCompile Include="..\src\simplefdc.cpp">
      <Filter>Source Files</Filter>
    </ClCompile>
    <ClCompile Include="..\src\plugThruDevice_TurboGameDoctor.cpp">
      <Filter>Source Files</Filter>
    </ClCompile>
    <ClCompile Include="..\src\FDS.cpp">
      <Filter>Source Files</Filter>
    </ClCompile>
    <ClCompile Include="..\src\FDS_Patch.cpp">
      <Filter>Source Files</Filter>
    </ClCompile>
    <ClCompile Include="..\src\plugThruDevice_SousekiFammy.cpp">
      <Filter>Source Files</Filter>
    </ClCompile>
    <ClCompile Include="..\src\plugThruDevice_GameMaster.cpp">
      <Filter>Source Files</Filter>
    </ClCompile>
    <ClCompile Include="..\src\plugThruDevice_GameMaster_GameDoctor.cpp">
      <Filter>Source Files</Filter>
    </ClCompile>
    <ClCompile Include="..\src\plugThruDevice_GameMaster_Mappers.cpp">
      <Filter>Source Files</Filter>
    </ClCompile>
    <ClCompile Include="..\src\plugThruDevice_GameMaster_MasterLink.cpp">
      <Filter>Source Files</Filter>
    </ClCompile>
    <ClCompile Include="..\src\plugThruDevice_SuperGameDoctor.cpp">
      <Filter>Source Files</Filter>
    </ClCompile>
    <ClCompile Include="..\src\plugThruDevice_GameDoctor.cpp">
      <Filter>Source Files</Filter>
    </ClCompile>
    <ClCompile Include="..\src\plugThruDevice_MiniDoctor.cpp">
      <Filter>Source Files</Filter>
    </ClCompile>
    <ClCompile Include="..\src\plugThruDevice_Bit79.cpp">
      <Filter>Source Files</Filter>
    </ClCompile>
    <ClCompile Include="..\src\plugThruDevice_StudyBox.cpp">
      <Filter>Source Files</Filter>
    </ClCompile>
    <ClCompile Include="..\src\Cheats.cpp">
      <Filter>Source Files</Filter>
    </ClCompile>
    <ClCompile Include="..\src\Wordify.cpp">
      <Filter>Source Files</Filter>
    </ClCompile>
    <ClCompile Include="..\src\c_e_citypatrolman.cpp">
      <Filter>Source Files\Exp Controllers</Filter>
    </ClCompile>
    <ClCompile Include="..\src\UM6578.cpp">
      <Filter>Source Files</Filter>
    </ClCompile>
    <ClCompile Include="..\src\c_e_moguraa.cpp">
      <Filter>Source Files\Exp Controllers</Filter>
    </ClCompile>
    <ClCompile Include="..\src\c_e_konamihyper.cpp">
      <Filter>Source Files\Exp Controllers</Filter>
    </ClCompile>
    <ClCompile Include="..\src\FDSFile\FDSFile_Venus.cpp">
      <Filter>Source Files</Filter>
    </ClCompile>
    <ClCompile Include="..\src\FDSFile\FDSFile.cpp">
      <Filter>Source Files</Filter>
    </ClCompile>
    <ClCompile Include="..\src\FDSFile\FDSFile_FQD.cpp">
      <Filter>Source Files</Filter>
    </ClCompile>
    <ClCompile Include="..\src\FDSFile\FDSFile_fwNES.cpp">
      <Filter>Source Files</Filter>
    </ClCompile>
    <ClCompile Include="..\src\FDSFile\FDSFile_NintendoQD.cpp">
      <Filter>Source Files</Filter>
    </ClCompile>
    <ClCompile Include="..\src\plugThruDevice_MagicCard.cpp">
      <Filter>Source Files</Filter>
    </ClCompile>
    <ClCompile Include="..\src\plugThruDevice_SuperMagicCard.cpp">
      <Filter>Source Files</Filter>
    </ClCompile>
    <ClCompile Include="..\src\plugThruDevice_SuperMagicCard_transfer.cpp">
      <Filter>Source Files</Filter>
    </ClCompile>
    <ClCompile Include="..\src\FDSFile\FDSFile_BungMFC.cpp">
      <Filter>Source Files</Filter>
    </ClCompile>
    <ClCompile Include="..\src\FDSFile\FDSFile_FDSStick_Binary.cpp">
      <Filter>Source Files</Filter>
    </ClCompile>
    <ClCompile Include="..\src\FDSFile\FDSFile_FDSStick_Raw.cpp">
      <Filter>Source Files</Filter>
    </ClCompile>
    <ClCompile Include="..\src\FDSFile\FDSFile_QDC_Raw.cpp">
      <Filter>Source Files</Filter>
    </ClCompile>
    <ClCompile Include="..\src\FDSFile\FDSBlock.cpp">
      <Filter>Source Files</Filter>
    </ClCompile>
    <ClCompile Include="..\src\FDSFile\FDSFile_FDSStick_Raw03.cpp">
      <Filter>Source Files</Filter>
    </ClCompile>
    <ClCompile Include="..\src\FDSFile\FDSFile_FFE.cpp">
      <Filter>Source Files</Filter>
    </ClCompile>
    <ClCompile Include="..\src\FDSFile\FDSProtection.cpp">
      <Filter>Source Files</Filter>
    </ClCompile>
    <ClCompile Include="..\src\c_e_sharpC1cassette.cpp">
      <Filter>Source Files\Exp Controllers</Filter>
    </ClCompile>
    <ClCompile Include="..\src\OneBus_VT369.cpp">
      <Filter>Source Files</Filter>
    </ClCompile>
    <ClCompile Include="..\src\plugThruDevice_DoctorPCJr.cpp">
      <Filter>Source Files</Filter>
    </ClCompile>
    <ClCompile Include="..\src\OneBus_VT32.cpp">
      <Filter>Source Files</Filter>
    </ClCompile>
    <ClCompile Include="..\src\ADPCM_VT369.cpp">
      <Filter>Source Files</Filter>
    </ClCompile>
    <ClCompile Include="..\src\ADPCM_VT1682.cpp">
      <Filter>Source Files</Filter>
    </ClCompile>
    <ClCompile Include="..\src\c_s_sudokuExcalibur.cpp">
      <Filter>Source Files\Std Controllers</Filter>
    </ClCompile>
    <ClCompile Include="..\src\c_e_goldenNuggetCasino.cpp">
      <Filter>Source Files\Exp Controllers</Filter>
    </ClCompile>
    <ClCompile Include="..\src\c_e_hori4play.cpp">
      <Filter>Source Files\Exp Controllers</Filter>
    </ClCompile>
    <ClCompile Include="..\src\c_s_mouse_ps2.cpp">
      <Filter>Source Files\Std Controllers</Filter>
    </ClCompile>
    <ClCompile Include="..\src\c_s_mouse_subor.cpp">
      <Filter>Source Files\Std Controllers</Filter>
    </ClCompile>
    <ClCompile Include="..\src\c_s_mouse_yuxing.cpp">
      <Filter>Source Files\Std Controllers</Filter>
    </ClCompile>
    <ClCompile Include="..\src\c_s_mouse_snes.cpp">
      <Filter>Source Files\Std Controllers</Filter>
    </ClCompile>
    <ClCompile Include="..\src\c_e_ablpinball.cpp">
      <Filter>Source Files\Exp Controllers</Filter>
    </ClCompile>
    <ClCompile Include="..\src\c_e_tvpump.cpp">
      <Filter>Source Files\Exp Controllers</Filter>
    </ClCompile>
    <ClCompile Include="..\src\VGM.cpp">
      <Filter>Source Files</Filter>
    </ClCompile>
    <ClCompile Include="..\src\c_e_keyboard_bit.cpp">
      <Filter>Source Files\Exp Controllers</Filter>
    </ClCompile>
    <ClCompile Include="..\src\c_e_keyboard_dongda.cpp">
      <Filter>Source Files\Exp Controllers</Filter>
    </ClCompile>
    <ClCompile Include="..\src\c_e_keyboard_keda.cpp">
      <Filter>Source Files\Exp Controllers</Filter>
    </ClCompile>
    <ClCompile Include="..\src\c_e_keyboard_kingwon.cpp">
      <Filter>Source Files\Exp Controllers</Filter>
    </ClCompile>
    <ClCompile Include="..\src\c_e_keyboard_nintendo.cpp">
      <Filter>Source Files\Exp Controllers</Filter>
    </ClCompile>
    <ClCompile Include="..\src\c_e_keyboard_subor.cpp">
      <Filter>Source Files\Exp Controllers</Filter>
    </ClCompile>
    <ClCompile Include="..\src\c_e_keyboard_zecheng.cpp">
      <Filter>Source Files\Exp Controllers</Filter>
    </ClCompile>
    <ClCompile Include="..\src\c_e_mahjong_capcom.cpp">
      <Filter>Source Files\Exp Controllers</Filter>
    </ClCompile>
    <ClCompile Include="..\src\c_e_mahjong_triface.cpp">
      <Filter>Source Files\Exp Controllers</Filter>
    </ClCompile>
    <ClCompile Include="..\src\GFX.cpp">
      <Filter>Source Files</Filter>
    </ClCompile>
    <ClCompile Include="..\src\Hash.cpp">
      <Filter>Source Files</Filter>
    </ClCompile>
    <ClCompile Include="..\src\c_e_mahjong_gekitou.cpp">
      <Filter>Source Files\Exp Controllers</Filter>
    </ClCompile>
    <ClCompile Include="..\src\PS2DevicePort.cpp">
      <Filter>Source Files</Filter>
    </ClCompile>
    <ClCompile Include="..\src\c_s_mouse_belsonic.cpp">
      <Filter>Source Files\Std Controllers</Filter>
    </ClCompile>
  </ItemGroup>
  <ItemGroup>
    <ClInclude Include="..\src\APU.h">
      <Filter>Header Files</Filter>
    </ClInclude>
    <ClInclude Include="..\src\AVI.h">
      <Filter>Header Files</Filter>
    </ClInclude>
    <ClInclude Include="..\src\Controllers.h">
      <Filter>Header Files</Filter>
    </ClInclude>
    <ClInclude Include="..\src\CPU.h">
      <Filter>Header Files</Filter>
    </ClInclude>
    <ClInclude Include="..\src\Debugger.h">
      <Filter>Header Files</Filter>
    </ClInclude>
    <ClInclude Include="..\src\GFX.h">
      <Filter>Header Files</Filter>
    </ClInclude>
    <ClInclude Include="..\src\MapperInterface.h">
      <Filter>Header Files</Filter>
    </ClInclude>
    <ClInclude Include="..\src\Movie.h">
      <Filter>Header Files</Filter>
    </ClInclude>
    <ClInclude Include="..\src\NES.h">
      <Filter>Header Files</Filter>
    </ClInclude>
    <ClInclude Include="..\src\Nintendulator.h">
      <Filter>Header Files</Filter>
    </ClInclude>
    <ClInclude Include="..\src\PPU.h">
      <Filter>Header Files</Filter>
    </ClInclude>
    <ClInclude Include="..\src\States.h">
      <Filter>Header Files</Filter>
    </ClInclude>
    <ClInclude Include="..\src\StdAfx.h">
      <Filter>Header Files</Filter>
    </ClInclude>
    <ClInclude Include="..\src\resource.h">
      <Filter>Resource Files</Filter>
    </ClInclude>
    <ClInclude Include="..\src\HeaderEdit.h">
      <Filter>Header Files</Filter>
    </ClInclude>
    <ClInclude Include="..\src\Tape.h">
      <Filter>Header Files</Filter>
    </ClInclude>
    <ClInclude Include="..\src\Hash.h">
      <Filter>Header Files</Filter>
    </ClInclude>
    <ClInclude Include="..\src\Sound.h">
      <Filter>Header Files</Filter>
    </ClInclude>
    <ClInclude Include="..\src\Settings.h">
      <Filter>Header Files</Filter>
    </ClInclude>
    <ClInclude Include="..\src\Filter.h">
      <Filter>Header Files</Filter>
    </ClInclude>
    <ClInclude Include="..\src\OneBus.h">
      <Filter>Header Files</Filter>
    </ClInclude>
    <ClInclude Include="..\src\WXN.h">
      <Filter>Header Files</Filter>
    </ClInclude>
    <ClInclude Include="..\src\DIPSwitch.h">
      <Filter>Header Files</Filter>
    </ClInclude>
    <ClInclude Include="..\src\plugThruDevice.hpp">
      <Filter>Header Files</Filter>
    </ClInclude>
    <ClInclude Include="..\src\simplefdc.hpp">
      <Filter>Header Files</Filter>
    </ClInclude>
    <ClInclude Include="..\src\FDS.h">
      <Filter>Header Files</Filter>
    </ClInclude>
    <ClInclude Include="..\src\FDS_Patch.h">
      <Filter>Header Files</Filter>
    </ClInclude>
    <ClInclude Include="..\src\plugThruDevice_GameMaster.hpp">
      <Filter>Header Files</Filter>
    </ClInclude>
    <ClInclude Include="..\src\plugThruDevice_StudyBox.hpp">
      <Filter>Header Files</Filter>
    </ClInclude>
    <ClInclude Include="..\src\Cheats.hpp">
      <Filter>Header Files</Filter>
    </ClInclude>
    <ClInclude Include="..\src\Wordify.hpp">
      <Filter>Header Files</Filter>
    </ClInclude>
    <ClInclude Include="..\src\UM6578.h">
      <Filter>Header Files</Filter>
    </ClInclude>
    <ClInclude Include="..\src\FDSFile\FDSFile_Venus.hpp">
      <Filter>Header Files</Filter>
    </ClInclude>
    <ClInclude Include="..\src\FDSFile\FDSFile.hpp">
      <Filter>Header Files</Filter>
    </ClInclude>
    <ClInclude Include="..\src\FDSFile\FDSFile_FQD.hpp">
      <Filter>Header Files</Filter>
    </ClInclude>
    <ClInclude Include="..\src\FDSFile\FDSFile_fwNES.hpp">
      <Filter>Header Files</Filter>
    </ClInclude>
    <ClInclude Include="..\src\FDSFile\FDSFile_NintendoQD.hpp">
      <Filter>Header Files</Filter>
    </ClInclude>
    <ClInclude Include="..\src\plugThruDevice_SuperMagicCard_transfer.hpp">
      <Filter>Header Files</Filter>
    </ClInclude>
    <ClInclude Include="..\src\FDSFile\FDSFile_BungMFC.hpp">
      <Filter>Header Files</Filter>
    </ClInclude>
    <ClInclude Include="..\src\FDSFile\FDSFile_FDSStick_Binary.hpp">
      <Filter>Header Files</Filter>
    </ClInclude>
    <ClInclude Include="..\src\FDSFile\FDSFile_FDSStick_Raw.hpp">
      <Filter>Header Files</Filter>
    </ClInclude>
    <ClInclude Include="..\src\FDSFile\FDSFile_QDC_Raw.hpp">
      <Filter>Header Files</Filter>
    </ClInclude>
    <ClInclude Include="..\src\FDSFile\FDSBlock.hpp">
      <Filter>Header Files</Filter>
    </ClInclude>
    <ClInclude Include="..\src\FDSFile\FDSFile_FDSStick_Raw03.hpp">
      <Filter>Header Files</Filter>
    </ClInclude>
    <ClInclude Include="..\src\FDSFile\FDSFile_FFE.hpp">
      <Filter>Header Files</Filter>
    </ClInclude>
    <ClInclude Include="..\src\FDSFile\FDSFile_FFE_dump.hpp">
      <Filter>Header Files</Filter>
    </ClInclude>
    <ClInclude Include="..\src\FDSFile\FDSProtection.hpp">
      <Filter>Header Files</Filter>
    </ClInclude>
    <ClInclude Include="..\src\OneBus_VT369.h">
      <Filter>Header Files</Filter>
    </ClInclude>
    <ClInclude Include="..\src\plugThruDevice_DoctorPCJr.hpp">
      <Filter>Header Files</Filter>
    </ClInclude>
    <ClInclude Include="..\src\OneBus_VT32.h">
      <Filter>Header Files</Filter>
    </ClInclude>
    <ClInclude Include="..\src\ADPCM_VT369.hpp">
      <Filter>Header Files</Filter>
    </ClInclude>
    <ClInclude Include="..\src\ADPCM_VT1682.hpp">
      <Filter>Header Files</Filter>
    </ClInclude>
    <ClInclude Include="..\src\VGM.h">
      <Filter>Header Files</Filter>
    </ClInclude>
    <ClInclude Include="..\src\PS2DevicePort.h">
      <Filter>Header Files</Filter>
    </ClInclude>
  </ItemGroup>
  <ItemGroup>
    <None Include="..\src\Nintendulator.ico">
      <Filter>Resource Files</Filter>
    </None>
    <None Include="..\src\small.ico">
      <Filter>Resource Files</Filter>
    </None>
  </ItemGroup>
  <ItemGroup>
    <ResourceCompile Include="..\src\Nintendulator.rc">
      <Filter>Resource Files</Filter>
    </ResourceCompile>
  </ItemGroup>
</Project>